PODS:
  - ChameleonFramework/Default (2.1.0)
  - ChameleonFramework/Swift (2.1.0):
    - ChameleonFramework/Default
  - Realm (10.1.1):
    - Realm/Headers (= 10.1.1)
  - Realm/Headers (10.1.1)
  - RealmSwift (10.1.1):
    - Realm (= 10.1.1)

DEPENDENCIES:
  - ChameleonFramework/Swift (from `https://github.com/wowansm/Chameleon.git`, branch `swift5`)
  - RealmSwift

SPEC REPOS:
  trunk:
    - Realm
    - RealmSwift

EXTERNAL SOURCES:
  ChameleonFramework:
    :branch: swift5
    :git: https://github.com/wowansm/Chameleon.git

CHECKOUT OPTIONS:
  ChameleonFramework:
    :commit: 96d52c36a45847fff60bcff7a58fec1e4bd7390b
    :git: https://github.com/wowansm/Chameleon.git

SPEC CHECKSUMS:
  ChameleonFramework: d21a3cc247abfe5e37609a283a8238b03575cf64
  Realm: 784ca1da1453e31a9c9adc14445421a81f316119
  RealmSwift: cc52fe0dcea56387274dff36e19219e055a3bb84

PODFILE CHECKSUM: a73435e4a33bdea4edc07001de9544c80c85aebc

COCOAPODS: 1.10.0
