// !$*UTF8*$!
{
	archiveVersion = 1;
	classes = {
	};
	objectVersion = 51;
	objects = {

/* Begin PBXBuildFile section */
		520B0908255C919C00D8E749 /* Slide.xib in Resources */ = {isa = PBXBuildFile; fileRef = 520B0907255C919C00D8E749 /* Slide.xib */; };
		520B090B255C91C300D8E749 /* Slide.swift in Sources */ = {isa = PBXBuildFile; fileRef = 520B090A255C91C300D8E749 /* Slide.swift */; };
		5215DAFF255C42620028CE3C /* DefaultSettings.swift in Sources */ = {isa = PBXBuildFile; fileRef = 5215DAFE255C42620028CE3C /* DefaultSettings.swift */; };
		5215DB03255C52210028CE3C /* Helper.swift in Sources */ = {isa = PBXBuildFile; fileRef = 5215DB02255C52210028CE3C /* Helper.swift */; };
		521E27862554DF20003E7071 /* Array+Extensions.swift in Sources */ = {isa = PBXBuildFile; fileRef = 521E26FA2554DF1F003E7071 /* Array+Extensions.swift */; };
		521E27872554DF20003E7071 /* UISegmentedControl+Extensions.swift in Sources */ = {isa = PBXBuildFile; fileRef = 521E26FB2554DF1F003E7071 /* UISegmentedControl+Extensions.swift */; };
		521E27882554DF20003E7071 /* UIImageView+Extensions.swift in Sources */ = {isa = PBXBuildFile; fileRef = 521E26FC2554DF1F003E7071 /* UIImageView+Extensions.swift */; };
		521E27892554DF20003E7071 /* UIViewController+Extensions.swift in Sources */ = {isa = PBXBuildFile; fileRef = 521E26FD2554DF1F003E7071 /* UIViewController+Extensions.swift */; };
		521E278A2554DF20003E7071 /* UIView+Extensions.swift in Sources */ = {isa = PBXBuildFile; fileRef = 521E26FE2554DF1F003E7071 /* UIView+Extensions.swift */; };
		521E278B2554DF20003E7071 /* Date+Extension.swift in Sources */ = {isa = PBXBuildFile; fileRef = 521E26FF2554DF1F003E7071 /* Date+Extension.swift */; };
		521E278C2554DF20003E7071 /* String+Extensions.swift in Sources */ = {isa = PBXBuildFile; fileRef = 521E27002554DF1F003E7071 /* String+Extensions.swift */; };
		521E278D2554DF20003E7071 /* UITextView+Extensions.swift in Sources */ = {isa = PBXBuildFile; fileRef = 521E27012554DF1F003E7071 /* UITextView+Extensions.swift */; };
		521E278E2554DF20003E7071 /* UIColor+Extensions.swift in Sources */ = {isa = PBXBuildFile; fileRef = 521E27022554DF1F003E7071 /* UIColor+Extensions.swift */; };
		521E278F2554DF20003E7071 /* UIImage+Extensions.swift in Sources */ = {isa = PBXBuildFile; fileRef = 521E27032554DF1F003E7071 /* UIImage+Extensions.swift */; };
		521E27902554DF20003E7071 /* UISearchBar+Extensions.swift in Sources */ = {isa = PBXBuildFile; fileRef = 521E27042554DF1F003E7071 /* UISearchBar+Extensions.swift */; };
		521E27912554DF20003E7071 /* UIApplication+Extensions.swift in Sources */ = {isa = PBXBuildFile; fileRef = 521E27052554DF1F003E7071 /* UIApplication+Extensions.swift */; };
		521E27922554DF20003E7071 /* UIAlertController+Extensions.swift in Sources */ = {isa = PBXBuildFile; fileRef = 521E27062554DF1F003E7071 /* UIAlertController+Extensions.swift */; };
		521E27932554DF20003E7071 /* CLPlacemark+Extensions.swift in Sources */ = {isa = PBXBuildFile; fileRef = 521E27072554DF1F003E7071 /* CLPlacemark+Extensions.swift */; };
		521E27942554DF20003E7071 /* Optional+Extensions.swift in Sources */ = {isa = PBXBuildFile; fileRef = 521E27082554DF1F003E7071 /* Optional+Extensions.swift */; };
		521E27952554DF20003E7071 /* Bundle+Extensions.swift in Sources */ = {isa = PBXBuildFile; fileRef = 521E27092554DF1F003E7071 /* Bundle+Extensions.swift */; };
		521E27962554DF20003E7071 /* PHFetchResult+Extensions.swift in Sources */ = {isa = PBXBuildFile; fileRef = 521E270A2554DF1F003E7071 /* PHFetchResult+Extensions.swift */; };
		521E27972554DF20003E7071 /* AVCaptureSession+Extensions.swift in Sources */ = {isa = PBXBuildFile; fileRef = 521E270B2554DF1F003E7071 /* AVCaptureSession+Extensions.swift */; };
		521E27982554DF20003E7071 /* Common+Extensions.swift in Sources */ = {isa = PBXBuildFile; fileRef = 521E270C2554DF1F003E7071 /* Common+Extensions.swift */; };
		521E27992554DF20003E7071 /* Locale+Extensions.swift in Sources */ = {isa = PBXBuildFile; fileRef = 521E270D2554DF1F003E7071 /* Locale+Extensions.swift */; };
		521E279A2554DF20003E7071 /* UITextField+Extensions.swift in Sources */ = {isa = PBXBuildFile; fileRef = 521E270E2554DF1F003E7071 /* UITextField+Extensions.swift */; };
		521E279B2554DF20003E7071 /* AttributedTextBlock.swift in Sources */ = {isa = PBXBuildFile; fileRef = 521E27112554DF1F003E7071 /* AttributedTextBlock.swift */; };
		521E279C2554DF20003E7071 /* GalleryConfiguration.swift in Sources */ = {isa = PBXBuildFile; fileRef = 521E27142554DF1F003E7071 /* GalleryConfiguration.swift */; };
		521E279D2554DF20003E7071 /* ItemControllerDelegate.swift in Sources */ = {isa = PBXBuildFile; fileRef = 521E27152554DF1F003E7071 /* ItemControllerDelegate.swift */; };
		521E279E2554DF20003E7071 /* UtilityFunctions.swift in Sources */ = {isa = PBXBuildFile; fileRef = 521E27162554DF1F003E7071 /* UtilityFunctions.swift */; };
		521E279F2554DF20003E7071 /* BlurView.swift in Sources */ = {isa = PBXBuildFile; fileRef = 521E27172554DF1F003E7071 /* BlurView.swift */; };
		521E27A02554DF20003E7071 /* ItemController.swift in Sources */ = {isa = PBXBuildFile; fileRef = 521E27182554DF1F003E7071 /* ItemController.swift */; };
		521E27A12554DF20003E7071 /* VideoScrubber.swift in Sources */ = {isa = PBXBuildFile; fileRef = 521E27192554DF1F003E7071 /* VideoScrubber.swift */; };
		521E27A22554DF20003E7071 /* GallerySwipeToDismissTransition.swift in Sources */ = {isa = PBXBuildFile; fileRef = 521E271A2554DF1F003E7071 /* GallerySwipeToDismissTransition.swift */; };
		521E27A32554DF20003E7071 /* VideoView.swift in Sources */ = {isa = PBXBuildFile; fileRef = 521E271B2554DF1F003E7071 /* VideoView.swift */; };
		521E27A42554DF20003E7071 /* ThumbnailsViewController.swift in Sources */ = {isa = PBXBuildFile; fileRef = 521E271D2554DF1F003E7071 /* ThumbnailsViewController.swift */; };
		521E27A52554DF20003E7071 /* ThumbnailCell.swift in Sources */ = {isa = PBXBuildFile; fileRef = 521E271E2554DF1F003E7071 /* ThumbnailCell.swift */; };
		521E27A62554DF20003E7071 /* ImageViewController.swift in Sources */ = {isa = PBXBuildFile; fileRef = 521E271F2554DF1F003E7071 /* ImageViewController.swift */; };
		521E27A72554DF20003E7071 /* GalleryItemsDataSource.swift in Sources */ = {isa = PBXBuildFile; fileRef = 521E27202554DF1F003E7071 /* GalleryItemsDataSource.swift */; };
		521E27A82554DF20003E7071 /* CALayer.swift in Sources */ = {isa = PBXBuildFile; fileRef = 521E27222554DF1F003E7071 /* CALayer.swift */; };
		521E27A92554DF20003E7071 /* UIView.swift in Sources */ = {isa = PBXBuildFile; fileRef = 521E27232554DF1F003E7071 /* UIView.swift */; };
		521E27AA2554DF20003E7071 /* PickerCustomizableButton.swift in Sources */ = {isa = PBXBuildFile; fileRef = 521E27242554DF1F003E7071 /* PickerCustomizableButton.swift */; };
		521E27AB2554DF20003E7071 /* UIColor.swift in Sources */ = {isa = PBXBuildFile; fileRef = 521E27252554DF1F003E7071 /* UIColor.swift */; };
		521E27AC2554DF20003E7071 /* CGSize.swift in Sources */ = {isa = PBXBuildFile; fileRef = 521E27262554DF1F003E7071 /* CGSize.swift */; };
		521E27AD2554DF20003E7071 /* UIBezierPath.swift in Sources */ = {isa = PBXBuildFile; fileRef = 521E27272554DF1F003E7071 /* UIBezierPath.swift */; };
		521E27AE2554DF20003E7071 /* CGPoint.swift in Sources */ = {isa = PBXBuildFile; fileRef = 521E27282554DF1F003E7071 /* CGPoint.swift */; };
		521E27AF2554DF20003E7071 /* UIButton.swift in Sources */ = {isa = PBXBuildFile; fileRef = 521E27292554DF1F003E7071 /* UIButton.swift */; };
		521E27B02554DF20003E7071 /* UIViewController.swift in Sources */ = {isa = PBXBuildFile; fileRef = 521E272A2554DF1F003E7071 /* UIViewController.swift */; };
		521E27B12554DF20003E7071 /* UIImageView.swift in Sources */ = {isa = PBXBuildFile; fileRef = 521E272B2554DF1F003E7071 /* UIImageView.swift */; };
		521E27B22554DF20003E7071 /* AVPlayer.swift in Sources */ = {isa = PBXBuildFile; fileRef = 521E272C2554DF1F003E7071 /* AVPlayer.swift */; };
		521E27B32554DF20003E7071 /* Bool.swift in Sources */ = {isa = PBXBuildFile; fileRef = 521E272D2554DF1F003E7071 /* Bool.swift */; };
		521E27B42554DF20003E7071 /* CGRect.swift in Sources */ = {isa = PBXBuildFile; fileRef = 521E272E2554DF1F003E7071 /* CGRect.swift */; };
		521E27B52554DF20003E7071 /* UIApplication.swift in Sources */ = {isa = PBXBuildFile; fileRef = 521E272F2554DF1F003E7071 /* UIApplication.swift */; };
		521E27B62554DF20003E7071 /* UIScreen.swift in Sources */ = {isa = PBXBuildFile; fileRef = 521E27302554DF1F003E7071 /* UIScreen.swift */; };
		521E27B72554DF20003E7071 /* UISlider.swift in Sources */ = {isa = PBXBuildFile; fileRef = 521E27312554DF1F003E7071 /* UISlider.swift */; };
		521E27B82554DF20003E7071 /* CAShapeLayer.swift in Sources */ = {isa = PBXBuildFile; fileRef = 521E27322554DF1F003E7071 /* CAShapeLayer.swift */; };
		521E27B92554DF20003E7071 /* GalleryItemsDelegate.swift in Sources */ = {isa = PBXBuildFile; fileRef = 521E27332554DF1F003E7071 /* GalleryItemsDelegate.swift */; };
		521E27BA2554DF20003E7071 /* GalleryItem.swift in Sources */ = {isa = PBXBuildFile; fileRef = 521E27342554DF1F003E7071 /* GalleryItem.swift */; };
		521E27BB2554DF20003E7071 /* GalleryDisplacedViewsDataSource.swift in Sources */ = {isa = PBXBuildFile; fileRef = 521E27352554DF1F003E7071 /* GalleryDisplacedViewsDataSource.swift */; };
		521E27BC2554DF20003E7071 /* ItemBaseController.swift in Sources */ = {isa = PBXBuildFile; fileRef = 521E27362554DF1F003E7071 /* ItemBaseController.swift */; };
		521E27BD2554DF20003E7071 /* LayoutEnums.swift in Sources */ = {isa = PBXBuildFile; fileRef = 521E27372554DF1F003E7071 /* LayoutEnums.swift */; };
		521E27BE2554DF20003E7071 /* GalleryViewController.swift in Sources */ = {isa = PBXBuildFile; fileRef = 521E27382554DF1F003E7071 /* GalleryViewController.swift */; };
		521E27BF2554DF20003E7071 /* Slider.swift in Sources */ = {isa = PBXBuildFile; fileRef = 521E27392554DF1F003E7071 /* Slider.swift */; };
		521E27C02554DF20003E7071 /* VideoViewController.swift in Sources */ = {isa = PBXBuildFile; fileRef = 521E273A2554DF1F003E7071 /* VideoViewController.swift */; };
		521E27C12554DF20003E7071 /* GalleryPagingDataSource.swift in Sources */ = {isa = PBXBuildFile; fileRef = 521E273B2554DF1F003E7071 /* GalleryPagingDataSource.swift */; };
		521E27C22554DF20003E7071 /* ImageFadeInHandler.swift in Sources */ = {isa = PBXBuildFile; fileRef = 521E273C2554DF1F003E7071 /* ImageFadeInHandler.swift */; };
		521E27C32554DF20003E7071 /* TextViewController.swift in Sources */ = {isa = PBXBuildFile; fileRef = 521E273D2554DF1F003E7071 /* TextViewController.swift */; };
		521E27C42554DF20003E7071 /* Countries.bundle in Resources */ = {isa = PBXBuildFile; fileRef = 521E27402554DF1F003E7071 /* Countries.bundle */; };
		521E27C52554DF20003E7071 /* LocaleStore.swift in Sources */ = {isa = PBXBuildFile; fileRef = 521E27422554DF1F003E7071 /* LocaleStore.swift */; };
		521E27C62554DF20003E7071 /* LocaleInfo.swift in Sources */ = {isa = PBXBuildFile; fileRef = 521E27442554DF1F003E7071 /* LocaleInfo.swift */; };
		521E27C72554DF20003E7071 /* LocalePickerViewController.swift in Sources */ = {isa = PBXBuildFile; fileRef = 521E27452554DF1F003E7071 /* LocalePickerViewController.swift */; };
		521E27C82554DF20003E7071 /* PhoneCodeCell.swift in Sources */ = {isa = PBXBuildFile; fileRef = 521E27472554DF1F003E7071 /* PhoneCodeCell.swift */; };
		521E27C92554DF20003E7071 /* CurrencyCell.swift in Sources */ = {isa = PBXBuildFile; fileRef = 521E27482554DF1F003E7071 /* CurrencyCell.swift */; };
		521E27CA2554DF20003E7071 /* CountryCell.swift in Sources */ = {isa = PBXBuildFile; fileRef = 521E27492554DF1F003E7071 /* CountryCell.swift */; };
		521E27CB2554DF20003E7071 /* TwoTextFieldsViewController.swift in Sources */ = {isa = PBXBuildFile; fileRef = 521E274B2554DF1F003E7071 /* TwoTextFieldsViewController.swift */; };
		521E27CC2554DF20003E7071 /* OneTextFieldViewController.swift in Sources */ = {isa = PBXBuildFile; fileRef = 521E274C2554DF1F003E7071 /* OneTextFieldViewController.swift */; };
		521E27CD2554DF20003E7071 /* Assets.swift in Sources */ = {isa = PBXBuildFile; fileRef = 521E274F2554DF1F003E7071 /* Assets.swift */; };
		521E27CE2554DF20003E7071 /* PhotoLibraryPickerViewController.swift in Sources */ = {isa = PBXBuildFile; fileRef = 521E27502554DF1F003E7071 /* PhotoLibraryPickerViewController.swift */; };
		521E27CF2554DF20003E7071 /* LocationSearchResultsViewController.swift in Sources */ = {isa = PBXBuildFile; fileRef = 521E27522554DF1F003E7071 /* LocationSearchResultsViewController.swift */; };
		521E27D02554DF20003E7071 /* LocationPickerViewController.swift in Sources */ = {isa = PBXBuildFile; fileRef = 521E27532554DF1F003E7071 /* LocationPickerViewController.swift */; };
		521E27D12554DF20003E7071 /* SearchHistoryManager.swift in Sources */ = {isa = PBXBuildFile; fileRef = 521E27552554DF1F003E7071 /* SearchHistoryManager.swift */; };
		521E27D22554DF20003E7071 /* Location.swift in Sources */ = {isa = PBXBuildFile; fileRef = 521E27572554DF1F003E7071 /* Location.swift */; };
		521E27D32554DF20003E7071 /* Address.swift in Sources */ = {isa = PBXBuildFile; fileRef = 521E27582554DF1F003E7071 /* Address.swift */; };
		521E27D42554DF20003E7071 /* PickerViewViewController.swift in Sources */ = {isa = PBXBuildFile; fileRef = 521E275A2554DF1F003E7071 /* PickerViewViewController.swift */; };
		521E27D52554DF20003E7071 /* ContactsPickerViewController.swift in Sources */ = {isa = PBXBuildFile; fileRef = 521E275C2554DF1F003E7071 /* ContactsPickerViewController.swift */; };
		521E27D62554DF20003E7071 /* Contacts.swift in Sources */ = {isa = PBXBuildFile; fileRef = 521E275E2554DF1F003E7071 /* Contacts.swift */; };
		521E27D72554DF20003E7071 /* Contact.swift in Sources */ = {isa = PBXBuildFile; fileRef = 521E27602554DF20003E7071 /* Contact.swift */; };
		521E27D82554DF20003E7071 /* ContactCell.swift in Sources */ = {isa = PBXBuildFile; fileRef = 521E27622554DF20003E7071 /* ContactCell.swift */; };
		521E27D92554DF20003E7071 /* ColorPickerViewController.swift in Sources */ = {isa = PBXBuildFile; fileRef = 521E27642554DF20003E7071 /* ColorPickerViewController.swift */; };
		521E27DA2554DF20003E7071 /* DatePickerViewController.swift in Sources */ = {isa = PBXBuildFile; fileRef = 521E27662554DF20003E7071 /* DatePickerViewController.swift */; };
		521E27DB2554DF20003E7071 /* ImagePickerViewController.swift in Sources */ = {isa = PBXBuildFile; fileRef = 521E27682554DF20003E7071 /* ImagePickerViewController.swift */; };
		521E27DC2554DF20003E7071 /* ItemWithImage.swift in Sources */ = {isa = PBXBuildFile; fileRef = 521E276A2554DF20003E7071 /* ItemWithImage.swift */; };
		521E27DD2554DF20003E7071 /* TelegramPickerGalleryItemsDataSource.swift in Sources */ = {isa = PBXBuildFile; fileRef = 521E276C2554DF20003E7071 /* TelegramPickerGalleryItemsDataSource.swift */; };
		521E27DE2554DF20003E7071 /* AssetsCollection+ChangesObserver.swift in Sources */ = {isa = PBXBuildFile; fileRef = 521E276E2554DF20003E7071 /* AssetsCollection+ChangesObserver.swift */; };
		521E27DF2554DF20003E7071 /* Camera.swift in Sources */ = {isa = PBXBuildFile; fileRef = 521E276F2554DF20003E7071 /* Camera.swift */; };
		521E27E02554DF20003E7071 /* AssetsCollection.swift in Sources */ = {isa = PBXBuildFile; fileRef = 521E27702554DF20003E7071 /* AssetsCollection.swift */; };
		521E27E12554DF20003E7071 /* TelegramPickerConfigurator.swift in Sources */ = {isa = PBXBuildFile; fileRef = 521E27712554DF20003E7071 /* TelegramPickerConfigurator.swift */; };
		521E27E22554DF20003E7071 /* PhotoLayout.swift in Sources */ = {isa = PBXBuildFile; fileRef = 521E27732554DF20003E7071 /* PhotoLayout.swift */; };
		521E27E32554DF20003E7071 /* TelegramPickerViewController.swift in Sources */ = {isa = PBXBuildFile; fileRef = 521E27742554DF20003E7071 /* TelegramPickerViewController.swift */; };
		521E27E42554DF20003E7071 /* CollectionViewVideoCell.swift in Sources */ = {isa = PBXBuildFile; fileRef = 521E27762554DF20003E7071 /* CollectionViewVideoCell.swift */; };
		521E27E52554DF20003E7071 /* CollectionViewCameraCell.swift in Sources */ = {isa = PBXBuildFile; fileRef = 521E27772554DF20003E7071 /* CollectionViewCameraCell.swift */; };
		521E27E62554DF20003E7071 /* CollectionViewPhotoCell.swift in Sources */ = {isa = PBXBuildFile; fileRef = 521E27782554DF20003E7071 /* CollectionViewPhotoCell.swift */; };
		521E27E72554DF20003E7071 /* CollectionViewCustomContentCell.swift in Sources */ = {isa = PBXBuildFile; fileRef = 521E27792554DF20003E7071 /* CollectionViewCustomContentCell.swift */; };
		521E27E82554DF20003E7071 /* LikeButtonCell.swift in Sources */ = {isa = PBXBuildFile; fileRef = 521E277A2554DF20003E7071 /* LikeButtonCell.swift */; };
		521E27E92554DF20003E7071 /* TelegramPickerResourceProvider.swift in Sources */ = {isa = PBXBuildFile; fileRef = 521E277B2554DF20003E7071 /* TelegramPickerResourceProvider.swift */; };
		521E27EA2554DF20003E7071 /* MMBAlertsPickersLocalizable.strings in Resources */ = {isa = PBXBuildFile; fileRef = 521E277D2554DF20003E7071 /* MMBAlertsPickersLocalizable.strings */; };
		521E27EB2554DF20003E7071 /* Label.swift in Sources */ = {isa = PBXBuildFile; fileRef = 521E277F2554DF20003E7071 /* Label.swift */; };
		521E27EC2554DF20003E7071 /* SegmentedControl.swift in Sources */ = {isa = PBXBuildFile; fileRef = 521E27812554DF20003E7071 /* SegmentedControl.swift */; };
		521E27ED2554DF20003E7071 /* GradientSlider.swift in Sources */ = {isa = PBXBuildFile; fileRef = 521E27822554DF20003E7071 /* GradientSlider.swift */; };
		521E27EE2554DF20003E7071 /* TextField.swift in Sources */ = {isa = PBXBuildFile; fileRef = 521E27832554DF20003E7071 /* TextField.swift */; };
		521E27EF2554DF20003E7071 /* PickerStyle.swift in Sources */ = {isa = PBXBuildFile; fileRef = 521E27842554DF20003E7071 /* PickerStyle.swift */; };
		521E27F02554DF20003E7071 /* Button.swift in Sources */ = {isa = PBXBuildFile; fileRef = 521E27852554DF20003E7071 /* Button.swift */; };
		5229B10525671A51006C16A1 /* StringExtension.swift in Sources */ = {isa = PBXBuildFile; fileRef = 5229B10425671A51006C16A1 /* StringExtension.swift */; };
		5229B10D25672352006C16A1 /* Localizable.strings in Resources */ = {isa = PBXBuildFile; fileRef = 5229B10F25672352006C16A1 /* Localizable.strings */; };
		5258BA632558D1B300A5C1FB /* Constants.swift in Sources */ = {isa = PBXBuildFile; fileRef = 5258BA622558D1B300A5C1FB /* Constants.swift */; };
		525DE16D2559BED9008FDC2D /* OptionsViewController.swift in Sources */ = {isa = PBXBuildFile; fileRef = 525DE16C2559BED9008FDC2D /* OptionsViewController.swift */; };
		529A1D3125562EEA00C6CFA3 /* BeginViewController.swift in Sources */ = {isa = PBXBuildFile; fileRef = 529A1D3025562EEA00C6CFA3 /* BeginViewController.swift */; };
		529A1D33255633CD00C6CFA3 /* checklist.json in Resources */ = {isa = PBXBuildFile; fileRef = 529A1D32255633CC00C6CFA3 /* checklist.json */; };
		529B572C254D8FFC006EB720 /* AppDelegate.swift in Sources */ = {isa = PBXBuildFile; fileRef = 529B572B254D8FFC006EB720 /* AppDelegate.swift */; };
		529B5730254D8FFC006EB720 /* ItemViewController.swift in Sources */ = {isa = PBXBuildFile; fileRef = 529B572F254D8FFC006EB720 /* ItemViewController.swift */; };
		529B5733254D8FFC006EB720 /* Main.storyboard in Resources */ = {isa = PBXBuildFile; fileRef = 529B5731254D8FFC006EB720 /* Main.storyboard */; };
		529B5735254D9009006EB720 /* Assets.xcassets in Resources */ = {isa = PBXBuildFile; fileRef = 529B5734254D9009006EB720 /* Assets.xcassets */; };
		529B5738254D9009006EB720 /* LaunchScreen.storyboard in Resources */ = {isa = PBXBuildFile; fileRef = 529B5736254D9009006EB720 /* LaunchScreen.storyboard */; };
		52A653AB255207D200B7570B /* Item.swift in Sources */ = {isa = PBXBuildFile; fileRef = 52A653AA255207D200B7570B /* Item.swift */; };
		52A653AD255207E200B7570B /* Category.swift in Sources */ = {isa = PBXBuildFile; fileRef = 52A653AC255207E200B7570B /* Category.swift */; };
		52AFDA78255DC8380014CDF0 /* AboutText.swift in Sources */ = {isa = PBXBuildFile; fileRef = 52AFDA77255DC8380014CDF0 /* AboutText.swift */; };
		52AFDA87255DDA2F0014CDF0 /* ARSLineProgressHelpers.swift in Sources */ = {isa = PBXBuildFile; fileRef = 52AFDA7D255DDA2D0014CDF0 /* ARSLineProgressHelpers.swift */; };
		52AFDA88255DDA2F0014CDF0 /* ARSLineProgress.swift in Sources */ = {isa = PBXBuildFile; fileRef = 52AFDA7E255DDA2D0014CDF0 /* ARSLineProgress.swift */; };
		52AFDA89255DDA2F0014CDF0 /* ARSLineProgressExtensions.swift in Sources */ = {isa = PBXBuildFile; fileRef = 52AFDA7F255DDA2D0014CDF0 /* ARSLineProgressExtensions.swift */; };
		52AFDA8A255DDA2F0014CDF0 /* ARSInfiniteLoader.swift in Sources */ = {isa = PBXBuildFile; fileRef = 52AFDA80255DDA2E0014CDF0 /* ARSInfiniteLoader.swift */; };
		52AFDA8B255DDA2F0014CDF0 /* ARSProgressLoader.swift in Sources */ = {isa = PBXBuildFile; fileRef = 52AFDA81255DDA2E0014CDF0 /* ARSProgressLoader.swift */; };
		52AFDA8C255DDA2F0014CDF0 /* ARSLineProgressConstants.swift in Sources */ = {isa = PBXBuildFile; fileRef = 52AFDA82255DDA2E0014CDF0 /* ARSLineProgressConstants.swift */; };
		52AFDA8D255DDA2F0014CDF0 /* ARSLineProgressTypeAliases.swift in Sources */ = {isa = PBXBuildFile; fileRef = 52AFDA83255DDA2E0014CDF0 /* ARSLineProgressTypeAliases.swift */; };
		52AFDA8E255DDA2F0014CDF0 /* ARSLineProgressCustomization.swift in Sources */ = {isa = PBXBuildFile; fileRef = 52AFDA84255DDA2F0014CDF0 /* ARSLineProgressCustomization.swift */; };
		52AFDA8F255DDA2F0014CDF0 /* ARSLineProgressProtocols.swift in Sources */ = {isa = PBXBuildFile; fileRef = 52AFDA85255DDA2F0014CDF0 /* ARSLineProgressProtocols.swift */; };
		52AFDA90255DDA2F0014CDF0 /* ARSStatus.swift in Sources */ = {isa = PBXBuildFile; fileRef = 52AFDA86255DDA2F0014CDF0 /* ARSStatus.swift */; };
		52AFDA98255DFC120014CDF0 /* SlideTutorial.xib in Resources */ = {isa = PBXBuildFile; fileRef = 52AFDA97255DFC120014CDF0 /* SlideTutorial.xib */; };
		52AFDA9B255DFC3A0014CDF0 /* SlideTutorial.swift in Sources */ = {isa = PBXBuildFile; fileRef = 52AFDA9A255DFC3A0014CDF0 /* SlideTutorial.swift */; };
		52B92F23255EBA6400B0E771 /* TutorialViewController.swift in Sources */ = {isa = PBXBuildFile; fileRef = 52B92F22255EBA6400B0E771 /* TutorialViewController.swift */; };
		52D025872559EEB2006DF45A /* CustomButton.swift in Sources */ = {isa = PBXBuildFile; fileRef = 52D025862559EEB2006DF45A /* CustomButton.swift */; };
		52F028012550E144007FFE20 /* CategoryViewController.swift in Sources */ = {isa = PBXBuildFile; fileRef = 52F028002550E144007FFE20 /* CategoryViewController.swift */; };
		87C49C9B0B4B318B7CAA1EFF /* Pods_ToDoListApp.framework in Frameworks */ = {isa = PBXBuildFile; fileRef = 8A6D306DF5E7DCA2FABE48ED /* Pods_ToDoListApp.framework */; };
/* End PBXBuildFile section */

/* Begin PBXFileReference section */
		44B0E2FD6916DE031EF25A56 /* Pods-ToDoListApp.debug.xcconfig */ = {isa = PBXFileReference; includeInIndex = 1; lastKnownFileType = text.xcconfig; name = "Pods-ToDoListApp.debug.xcconfig"; path = "Target Support Files/Pods-ToDoListApp/Pods-ToDoListApp.debug.xcconfig"; sourceTree = "<group>"; };
		520B0907255C919C00D8E749 /* Slide.xib */ = {isa = PBXFileReference; lastKnownFileType = file.xib; path = Slide.xib; sourceTree = "<group>"; };
		520B090A255C91C300D8E749 /* Slide.swift */ = {isa = PBXFileReference; lastKnownFileType = sourcecode.swift; path = Slide.swift; sourceTree = "<group>"; };
		520E0A6725674F3000CF8844 /* de */ = {isa = PBXFileReference; lastKnownFileType = text.plist.strings; name = de; path = de.lproj/Main.strings; sourceTree = "<group>"; };
		520E0A6825674F3100CF8844 /* de */ = {isa = PBXFileReference; lastKnownFileType = text.plist.strings; name = de; path = de.lproj/Localizable.strings; sourceTree = "<group>"; };
		5215DAFE255C42620028CE3C /* DefaultSettings.swift */ = {isa = PBXFileReference; lastKnownFileType = sourcecode.swift; path = DefaultSettings.swift; sourceTree = "<group>"; };
		5215DB02255C52210028CE3C /* Helper.swift */ = {isa = PBXFileReference; lastKnownFileType = sourcecode.swift; path = Helper.swift; sourceTree = "<group>"; };
		521E26FA2554DF1F003E7071 /* Array+Extensions.swift */ = {isa = PBXFileReference; fileEncoding = 4; lastKnownFileType = sourcecode.swift; path = "Array+Extensions.swift"; sourceTree = "<group>"; };
		521E26FB2554DF1F003E7071 /* UISegmentedControl+Extensions.swift */ = {isa = PBXFileReference; fileEncoding = 4; lastKnownFileType = sourcecode.swift; path = "UISegmentedControl+Extensions.swift"; sourceTree = "<group>"; };
		521E26FC2554DF1F003E7071 /* UIImageView+Extensions.swift */ = {isa = PBXFileReference; fileEncoding = 4; lastKnownFileType = sourcecode.swift; path = "UIImageView+Extensions.swift"; sourceTree = "<group>"; };
		521E26FD2554DF1F003E7071 /* UIViewController+Extensions.swift */ = {isa = PBXFileReference; fileEncoding = 4; lastKnownFileType = sourcecode.swift; path = "UIViewController+Extensions.swift"; sourceTree = "<group>"; };
		521E26FE2554DF1F003E7071 /* UIView+Extensions.swift */ = {isa = PBXFileReference; fileEncoding = 4; lastKnownFileType = sourcecode.swift; path = "UIView+Extensions.swift"; sourceTree = "<group>"; };
		521E26FF2554DF1F003E7071 /* Date+Extension.swift */ = {isa = PBXFileReference; fileEncoding = 4; lastKnownFileType = sourcecode.swift; path = "Date+Extension.swift"; sourceTree = "<group>"; };
		521E27002554DF1F003E7071 /* String+Extensions.swift */ = {isa = PBXFileReference; fileEncoding = 4; lastKnownFileType = sourcecode.swift; path = "String+Extensions.swift"; sourceTree = "<group>"; };
		521E27012554DF1F003E7071 /* UITextView+Extensions.swift */ = {isa = PBXFileReference; fileEncoding = 4; lastKnownFileType = sourcecode.swift; path = "UITextView+Extensions.swift"; sourceTree = "<group>"; };
		521E27022554DF1F003E7071 /* UIColor+Extensions.swift */ = {isa = PBXFileReference; fileEncoding = 4; lastKnownFileType = sourcecode.swift; path = "UIColor+Extensions.swift"; sourceTree = "<group>"; };
		521E27032554DF1F003E7071 /* UIImage+Extensions.swift */ = {isa = PBXFileReference; fileEncoding = 4; lastKnownFileType = sourcecode.swift; path = "UIImage+Extensions.swift"; sourceTree = "<group>"; };
		521E27042554DF1F003E7071 /* UISearchBar+Extensions.swift */ = {isa = PBXFileReference; fileEncoding = 4; lastKnownFileType = sourcecode.swift; path = "UISearchBar+Extensions.swift"; sourceTree = "<group>"; };
		521E27052554DF1F003E7071 /* UIApplication+Extensions.swift */ = {isa = PBXFileReference; fileEncoding = 4; lastKnownFileType = sourcecode.swift; path = "UIApplication+Extensions.swift"; sourceTree = "<group>"; };
		521E27062554DF1F003E7071 /* UIAlertController+Extensions.swift */ = {isa = PBXFileReference; fileEncoding = 4; lastKnownFileType = sourcecode.swift; path = "UIAlertController+Extensions.swift"; sourceTree = "<group>"; };
		521E27072554DF1F003E7071 /* CLPlacemark+Extensions.swift */ = {isa = PBXFileReference; fileEncoding = 4; lastKnownFileType = sourcecode.swift; path = "CLPlacemark+Extensions.swift"; sourceTree = "<group>"; };
		521E27082554DF1F003E7071 /* Optional+Extensions.swift */ = {isa = PBXFileReference; fileEncoding = 4; lastKnownFileType = sourcecode.swift; path = "Optional+Extensions.swift"; sourceTree = "<group>"; };
		521E27092554DF1F003E7071 /* Bundle+Extensions.swift */ = {isa = PBXFileReference; fileEncoding = 4; lastKnownFileType = sourcecode.swift; path = "Bundle+Extensions.swift"; sourceTree = "<group>"; };
		521E270A2554DF1F003E7071 /* PHFetchResult+Extensions.swift */ = {isa = PBXFileReference; fileEncoding = 4; lastKnownFileType = sourcecode.swift; path = "PHFetchResult+Extensions.swift"; sourceTree = "<group>"; };
		521E270B2554DF1F003E7071 /* AVCaptureSession+Extensions.swift */ = {isa = PBXFileReference; fileEncoding = 4; lastKnownFileType = sourcecode.swift; path = "AVCaptureSession+Extensions.swift"; sourceTree = "<group>"; };
		521E270C2554DF1F003E7071 /* Common+Extensions.swift */ = {isa = PBXFileReference; fileEncoding = 4; lastKnownFileType = sourcecode.swift; path = "Common+Extensions.swift"; sourceTree = "<group>"; };
		521E270D2554DF1F003E7071 /* Locale+Extensions.swift */ = {isa = PBXFileReference; fileEncoding = 4; lastKnownFileType = sourcecode.swift; path = "Locale+Extensions.swift"; sourceTree = "<group>"; };
		521E270E2554DF1F003E7071 /* UITextField+Extensions.swift */ = {isa = PBXFileReference; fileEncoding = 4; lastKnownFileType = sourcecode.swift; path = "UITextField+Extensions.swift"; sourceTree = "<group>"; };
		521E27112554DF1F003E7071 /* AttributedTextBlock.swift */ = {isa = PBXFileReference; fileEncoding = 4; lastKnownFileType = sourcecode.swift; path = AttributedTextBlock.swift; sourceTree = "<group>"; };
		521E27142554DF1F003E7071 /* GalleryConfiguration.swift */ = {isa = PBXFileReference; fileEncoding = 4; lastKnownFileType = sourcecode.swift; path = GalleryConfiguration.swift; sourceTree = "<group>"; };
		521E27152554DF1F003E7071 /* ItemControllerDelegate.swift */ = {isa = PBXFileReference; fileEncoding = 4; lastKnownFileType = sourcecode.swift; path = ItemControllerDelegate.swift; sourceTree = "<group>"; };
		521E27162554DF1F003E7071 /* UtilityFunctions.swift */ = {isa = PBXFileReference; fileEncoding = 4; lastKnownFileType = sourcecode.swift; path = UtilityFunctions.swift; sourceTree = "<group>"; };
		521E27172554DF1F003E7071 /* BlurView.swift */ = {isa = PBXFileReference; fileEncoding = 4; lastKnownFileType = sourcecode.swift; path = BlurView.swift; sourceTree = "<group>"; };
		521E27182554DF1F003E7071 /* ItemController.swift */ = {isa = PBXFileReference; fileEncoding = 4; lastKnownFileType = sourcecode.swift; path = ItemController.swift; sourceTree = "<group>"; };
		521E27192554DF1F003E7071 /* VideoScrubber.swift */ = {isa = PBXFileReference; fileEncoding = 4; lastKnownFileType = sourcecode.swift; path = VideoScrubber.swift; sourceTree = "<group>"; };
		521E271A2554DF1F003E7071 /* GallerySwipeToDismissTransition.swift */ = {isa = PBXFileReference; fileEncoding = 4; lastKnownFileType = sourcecode.swift; path = GallerySwipeToDismissTransition.swift; sourceTree = "<group>"; };
		521E271B2554DF1F003E7071 /* VideoView.swift */ = {isa = PBXFileReference; fileEncoding = 4; lastKnownFileType = sourcecode.swift; path = VideoView.swift; sourceTree = "<group>"; };
		521E271D2554DF1F003E7071 /* ThumbnailsViewController.swift */ = {isa = PBXFileReference; fileEncoding = 4; lastKnownFileType = sourcecode.swift; path = ThumbnailsViewController.swift; sourceTree = "<group>"; };
		521E271E2554DF1F003E7071 /* ThumbnailCell.swift */ = {isa = PBXFileReference; fileEncoding = 4; lastKnownFileType = sourcecode.swift; path = ThumbnailCell.swift; sourceTree = "<group>"; };
		521E271F2554DF1F003E7071 /* ImageViewController.swift */ = {isa = PBXFileReference; fileEncoding = 4; lastKnownFileType = sourcecode.swift; path = ImageViewController.swift; sourceTree = "<group>"; };
		521E27202554DF1F003E7071 /* GalleryItemsDataSource.swift */ = {isa = PBXFileReference; fileEncoding = 4; lastKnownFileType = sourcecode.swift; path = GalleryItemsDataSource.swift; sourceTree = "<group>"; };
		521E27222554DF1F003E7071 /* CALayer.swift */ = {isa = PBXFileReference; fileEncoding = 4; lastKnownFileType = sourcecode.swift; path = CALayer.swift; sourceTree = "<group>"; };
		521E27232554DF1F003E7071 /* UIView.swift */ = {isa = PBXFileReference; fileEncoding = 4; lastKnownFileType = sourcecode.swift; path = UIView.swift; sourceTree = "<group>"; };
		521E27242554DF1F003E7071 /* PickerCustomizableButton.swift */ = {isa = PBXFileReference; fileEncoding = 4; lastKnownFileType = sourcecode.swift; path = PickerCustomizableButton.swift; sourceTree = "<group>"; };
		521E27252554DF1F003E7071 /* UIColor.swift */ = {isa = PBXFileReference; fileEncoding = 4; lastKnownFileType = sourcecode.swift; path = UIColor.swift; sourceTree = "<group>"; };
		521E27262554DF1F003E7071 /* CGSize.swift */ = {isa = PBXFileReference; fileEncoding = 4; lastKnownFileType = sourcecode.swift; path = CGSize.swift; sourceTree = "<group>"; };
		521E27272554DF1F003E7071 /* UIBezierPath.swift */ = {isa = PBXFileReference; fileEncoding = 4; lastKnownFileType = sourcecode.swift; path = UIBezierPath.swift; sourceTree = "<group>"; };
		521E27282554DF1F003E7071 /* CGPoint.swift */ = {isa = PBXFileReference; fileEncoding = 4; lastKnownFileType = sourcecode.swift; path = CGPoint.swift; sourceTree = "<group>"; };
		521E27292554DF1F003E7071 /* UIButton.swift */ = {isa = PBXFileReference; fileEncoding = 4; lastKnownFileType = sourcecode.swift; path = UIButton.swift; sourceTree = "<group>"; };
		521E272A2554DF1F003E7071 /* UIViewController.swift */ = {isa = PBXFileReference; fileEncoding = 4; lastKnownFileType = sourcecode.swift; path = UIViewController.swift; sourceTree = "<group>"; };
		521E272B2554DF1F003E7071 /* UIImageView.swift */ = {isa = PBXFileReference; fileEncoding = 4; lastKnownFileType = sourcecode.swift; path = UIImageView.swift; sourceTree = "<group>"; };
		521E272C2554DF1F003E7071 /* AVPlayer.swift */ = {isa = PBXFileReference; fileEncoding = 4; lastKnownFileType = sourcecode.swift; path = AVPlayer.swift; sourceTree = "<group>"; };
		521E272D2554DF1F003E7071 /* Bool.swift */ = {isa = PBXFileReference; fileEncoding = 4; lastKnownFileType = sourcecode.swift; path = Bool.swift; sourceTree = "<group>"; };
		521E272E2554DF1F003E7071 /* CGRect.swift */ = {isa = PBXFileReference; fileEncoding = 4; lastKnownFileType = sourcecode.swift; path = CGRect.swift; sourceTree = "<group>"; };
		521E272F2554DF1F003E7071 /* UIApplication.swift */ = {isa = PBXFileReference; fileEncoding = 4; lastKnownFileType = sourcecode.swift; path = UIApplication.swift; sourceTree = "<group>"; };
		521E27302554DF1F003E7071 /* UIScreen.swift */ = {isa = PBXFileReference; fileEncoding = 4; lastKnownFileType = sourcecode.swift; path = UIScreen.swift; sourceTree = "<group>"; };
		521E27312554DF1F003E7071 /* UISlider.swift */ = {isa = PBXFileReference; fileEncoding = 4; lastKnownFileType = sourcecode.swift; path = UISlider.swift; sourceTree = "<group>"; };
		521E27322554DF1F003E7071 /* CAShapeLayer.swift */ = {isa = PBXFileReference; fileEncoding = 4; lastKnownFileType = sourcecode.swift; path = CAShapeLayer.swift; sourceTree = "<group>"; };
		521E27332554DF1F003E7071 /* GalleryItemsDelegate.swift */ = {isa = PBXFileReference; fileEncoding = 4; lastKnownFileType = sourcecode.swift; path = GalleryItemsDelegate.swift; sourceTree = "<group>"; };
		521E27342554DF1F003E7071 /* GalleryItem.swift */ = {isa = PBXFileReference; fileEncoding = 4; lastKnownFileType = sourcecode.swift; path = GalleryItem.swift; sourceTree = "<group>"; };
		521E27352554DF1F003E7071 /* GalleryDisplacedViewsDataSource.swift */ = {isa = PBXFileReference; fileEncoding = 4; lastKnownFileType = sourcecode.swift; path = GalleryDisplacedViewsDataSource.swift; sourceTree = "<group>"; };
		521E27362554DF1F003E7071 /* ItemBaseController.swift */ = {isa = PBXFileReference; fileEncoding = 4; lastKnownFileType = sourcecode.swift; path = ItemBaseController.swift; sourceTree = "<group>"; };
		521E27372554DF1F003E7071 /* LayoutEnums.swift */ = {isa = PBXFileReference; fileEncoding = 4; lastKnownFileType = sourcecode.swift; path = LayoutEnums.swift; sourceTree = "<group>"; };
		521E27382554DF1F003E7071 /* GalleryViewController.swift */ = {isa = PBXFileReference; fileEncoding = 4; lastKnownFileType = sourcecode.swift; path = GalleryViewController.swift; sourceTree = "<group>"; };
		521E27392554DF1F003E7071 /* Slider.swift */ = {isa = PBXFileReference; fileEncoding = 4; lastKnownFileType = sourcecode.swift; path = Slider.swift; sourceTree = "<group>"; };
		521E273A2554DF1F003E7071 /* VideoViewController.swift */ = {isa = PBXFileReference; fileEncoding = 4; lastKnownFileType = sourcecode.swift; path = VideoViewController.swift; sourceTree = "<group>"; };
		521E273B2554DF1F003E7071 /* GalleryPagingDataSource.swift */ = {isa = PBXFileReference; fileEncoding = 4; lastKnownFileType = sourcecode.swift; path = GalleryPagingDataSource.swift; sourceTree = "<group>"; };
		521E273C2554DF1F003E7071 /* ImageFadeInHandler.swift */ = {isa = PBXFileReference; fileEncoding = 4; lastKnownFileType = sourcecode.swift; path = ImageFadeInHandler.swift; sourceTree = "<group>"; };
		521E273D2554DF1F003E7071 /* TextViewController.swift */ = {isa = PBXFileReference; fileEncoding = 4; lastKnownFileType = sourcecode.swift; path = TextViewController.swift; sourceTree = "<group>"; };
		521E27402554DF1F003E7071 /* Countries.bundle */ = {isa = PBXFileReference; lastKnownFileType = "wrapper.plug-in"; path = Countries.bundle; sourceTree = "<group>"; };
		521E27422554DF1F003E7071 /* LocaleStore.swift */ = {isa = PBXFileReference; fileEncoding = 4; lastKnownFileType = sourcecode.swift; path = LocaleStore.swift; sourceTree = "<group>"; };
		521E27442554DF1F003E7071 /* LocaleInfo.swift */ = {isa = PBXFileReference; fileEncoding = 4; lastKnownFileType = sourcecode.swift; path = LocaleInfo.swift; sourceTree = "<group>"; };
		521E27452554DF1F003E7071 /* LocalePickerViewController.swift */ = {isa = PBXFileReference; fileEncoding = 4; lastKnownFileType = sourcecode.swift; path = LocalePickerViewController.swift; sourceTree = "<group>"; };
		521E27472554DF1F003E7071 /* PhoneCodeCell.swift */ = {isa = PBXFileReference; fileEncoding = 4; lastKnownFileType = sourcecode.swift; path = PhoneCodeCell.swift; sourceTree = "<group>"; };
		521E27482554DF1F003E7071 /* CurrencyCell.swift */ = {isa = PBXFileReference; fileEncoding = 4; lastKnownFileType = sourcecode.swift; path = CurrencyCell.swift; sourceTree = "<group>"; };
		521E27492554DF1F003E7071 /* CountryCell.swift */ = {isa = PBXFileReference; fileEncoding = 4; lastKnownFileType = sourcecode.swift; path = CountryCell.swift; sourceTree = "<group>"; };
		521E274B2554DF1F003E7071 /* TwoTextFieldsViewController.swift */ = {isa = PBXFileReference; fileEncoding = 4; lastKnownFileType = sourcecode.swift; path = TwoTextFieldsViewController.swift; sourceTree = "<group>"; };
		521E274C2554DF1F003E7071 /* OneTextFieldViewController.swift */ = {isa = PBXFileReference; fileEncoding = 4; lastKnownFileType = sourcecode.swift; path = OneTextFieldViewController.swift; sourceTree = "<group>"; };
		521E274F2554DF1F003E7071 /* Assets.swift */ = {isa = PBXFileReference; fileEncoding = 4; lastKnownFileType = sourcecode.swift; path = Assets.swift; sourceTree = "<group>"; };
		521E27502554DF1F003E7071 /* PhotoLibraryPickerViewController.swift */ = {isa = PBXFileReference; fileEncoding = 4; lastKnownFileType = sourcecode.swift; path = PhotoLibraryPickerViewController.swift; sourceTree = "<group>"; };
		521E27522554DF1F003E7071 /* LocationSearchResultsViewController.swift */ = {isa = PBXFileReference; fileEncoding = 4; lastKnownFileType = sourcecode.swift; path = LocationSearchResultsViewController.swift; sourceTree = "<group>"; };
		521E27532554DF1F003E7071 /* LocationPickerViewController.swift */ = {isa = PBXFileReference; fileEncoding = 4; lastKnownFileType = sourcecode.swift; path = LocationPickerViewController.swift; sourceTree = "<group>"; };
		521E27552554DF1F003E7071 /* SearchHistoryManager.swift */ = {isa = PBXFileReference; fileEncoding = 4; lastKnownFileType = sourcecode.swift; path = SearchHistoryManager.swift; sourceTree = "<group>"; };
		521E27572554DF1F003E7071 /* Location.swift */ = {isa = PBXFileReference; fileEncoding = 4; lastKnownFileType = sourcecode.swift; path = Location.swift; sourceTree = "<group>"; };
		521E27582554DF1F003E7071 /* Address.swift */ = {isa = PBXFileReference; fileEncoding = 4; lastKnownFileType = sourcecode.swift; path = Address.swift; sourceTree = "<group>"; };
		521E275A2554DF1F003E7071 /* PickerViewViewController.swift */ = {isa = PBXFileReference; fileEncoding = 4; lastKnownFileType = sourcecode.swift; path = PickerViewViewController.swift; sourceTree = "<group>"; };
		521E275C2554DF1F003E7071 /* ContactsPickerViewController.swift */ = {isa = PBXFileReference; fileEncoding = 4; lastKnownFileType = sourcecode.swift; path = ContactsPickerViewController.swift; sourceTree = "<group>"; };
		521E275E2554DF1F003E7071 /* Contacts.swift */ = {isa = PBXFileReference; fileEncoding = 4; lastKnownFileType = sourcecode.swift; path = Contacts.swift; sourceTree = "<group>"; };
		521E27602554DF20003E7071 /* Contact.swift */ = {isa = PBXFileReference; fileEncoding = 4; lastKnownFileType = sourcecode.swift; path = Contact.swift; sourceTree = "<group>"; };
		521E27622554DF20003E7071 /* ContactCell.swift */ = {isa = PBXFileReference; fileEncoding = 4; lastKnownFileType = sourcecode.swift; path = ContactCell.swift; sourceTree = "<group>"; };
		521E27642554DF20003E7071 /* ColorPickerViewController.swift */ = {isa = PBXFileReference; fileEncoding = 4; lastKnownFileType = sourcecode.swift; path = ColorPickerViewController.swift; sourceTree = "<group>"; };
		521E27662554DF20003E7071 /* DatePickerViewController.swift */ = {isa = PBXFileReference; fileEncoding = 4; lastKnownFileType = sourcecode.swift; path = DatePickerViewController.swift; sourceTree = "<group>"; };
		521E27682554DF20003E7071 /* ImagePickerViewController.swift */ = {isa = PBXFileReference; fileEncoding = 4; lastKnownFileType = sourcecode.swift; path = ImagePickerViewController.swift; sourceTree = "<group>"; };
		521E276A2554DF20003E7071 /* ItemWithImage.swift */ = {isa = PBXFileReference; fileEncoding = 4; lastKnownFileType = sourcecode.swift; path = ItemWithImage.swift; sourceTree = "<group>"; };
		521E276C2554DF20003E7071 /* TelegramPickerGalleryItemsDataSource.swift */ = {isa = PBXFileReference; fileEncoding = 4; lastKnownFileType = sourcecode.swift; path = TelegramPickerGalleryItemsDataSource.swift; sourceTree = "<group>"; };
		521E276E2554DF20003E7071 /* AssetsCollection+ChangesObserver.swift */ = {isa = PBXFileReference; fileEncoding = 4; lastKnownFileType = sourcecode.swift; path = "AssetsCollection+ChangesObserver.swift"; sourceTree = "<group>"; };
		521E276F2554DF20003E7071 /* Camera.swift */ = {isa = PBXFileReference; fileEncoding = 4; lastKnownFileType = sourcecode.swift; path = Camera.swift; sourceTree = "<group>"; };
		521E27702554DF20003E7071 /* AssetsCollection.swift */ = {isa = PBXFileReference; fileEncoding = 4; lastKnownFileType = sourcecode.swift; path = AssetsCollection.swift; sourceTree = "<group>"; };
		521E27712554DF20003E7071 /* TelegramPickerConfigurator.swift */ = {isa = PBXFileReference; fileEncoding = 4; lastKnownFileType = sourcecode.swift; path = TelegramPickerConfigurator.swift; sourceTree = "<group>"; };
		521E27732554DF20003E7071 /* PhotoLayout.swift */ = {isa = PBXFileReference; fileEncoding = 4; lastKnownFileType = sourcecode.swift; path = PhotoLayout.swift; sourceTree = "<group>"; };
		521E27742554DF20003E7071 /* TelegramPickerViewController.swift */ = {isa = PBXFileReference; fileEncoding = 4; lastKnownFileType = sourcecode.swift; path = TelegramPickerViewController.swift; sourceTree = "<group>"; };
		521E27762554DF20003E7071 /* CollectionViewVideoCell.swift */ = {isa = PBXFileReference; fileEncoding = 4; lastKnownFileType = sourcecode.swift; path = CollectionViewVideoCell.swift; sourceTree = "<group>"; };
		521E27772554DF20003E7071 /* CollectionViewCameraCell.swift */ = {isa = PBXFileReference; fileEncoding = 4; lastKnownFileType = sourcecode.swift; path = CollectionViewCameraCell.swift; sourceTree = "<group>"; };
		521E27782554DF20003E7071 /* CollectionViewPhotoCell.swift */ = {isa = PBXFileReference; fileEncoding = 4; lastKnownFileType = sourcecode.swift; path = CollectionViewPhotoCell.swift; sourceTree = "<group>"; };
		521E27792554DF20003E7071 /* CollectionViewCustomContentCell.swift */ = {isa = PBXFileReference; fileEncoding = 4; lastKnownFileType = sourcecode.swift; path = CollectionViewCustomContentCell.swift; sourceTree = "<group>"; };
		521E277A2554DF20003E7071 /* LikeButtonCell.swift */ = {isa = PBXFileReference; fileEncoding = 4; lastKnownFileType = sourcecode.swift; path = LikeButtonCell.swift; sourceTree = "<group>"; };
		521E277B2554DF20003E7071 /* TelegramPickerResourceProvider.swift */ = {isa = PBXFileReference; fileEncoding = 4; lastKnownFileType = sourcecode.swift; path = TelegramPickerResourceProvider.swift; sourceTree = "<group>"; };
		521E277F2554DF20003E7071 /* Label.swift */ = {isa = PBXFileReference; fileEncoding = 4; lastKnownFileType = sourcecode.swift; path = Label.swift; sourceTree = "<group>"; };
		521E27802554DF20003E7071 /* en */ = {isa = PBXFileReference; lastKnownFileType = text.plist.strings; name = en; path = en.lproj/MMBAlertsPickersLocalizable.strings; sourceTree = "<group>"; };
		521E27812554DF20003E7071 /* SegmentedControl.swift */ = {isa = PBXFileReference; fileEncoding = 4; lastKnownFileType = sourcecode.swift; path = SegmentedControl.swift; sourceTree = "<group>"; };
		521E27822554DF20003E7071 /* GradientSlider.swift */ = {isa = PBXFileReference; fileEncoding = 4; lastKnownFileType = sourcecode.swift; path = GradientSlider.swift; sourceTree = "<group>"; };
		521E27832554DF20003E7071 /* TextField.swift */ = {isa = PBXFileReference; fileEncoding = 4; lastKnownFileType = sourcecode.swift; path = TextField.swift; sourceTree = "<group>"; };
		521E27842554DF20003E7071 /* PickerStyle.swift */ = {isa = PBXFileReference; fileEncoding = 4; lastKnownFileType = sourcecode.swift; path = PickerStyle.swift; sourceTree = "<group>"; };
		521E27852554DF20003E7071 /* Button.swift */ = {isa = PBXFileReference; fileEncoding = 4; lastKnownFileType = sourcecode.swift; path = Button.swift; sourceTree = "<group>"; };
		5229B10425671A51006C16A1 /* StringExtension.swift */ = {isa = PBXFileReference; lastKnownFileType = sourcecode.swift; path = StringExtension.swift; sourceTree = "<group>"; };
		5229B10725671E48006C16A1 /* pl */ = {isa = PBXFileReference; lastKnownFileType = text.plist.strings; name = pl; path = pl.lproj/Main.strings; sourceTree = "<group>"; };
		5229B10E25672352006C16A1 /* en */ = {isa = PBXFileReference; lastKnownFileType = text.plist.strings; name = en; path = en.lproj/Localizable.strings; sourceTree = "<group>"; };
		5229B1112567235A006C16A1 /* pl */ = {isa = PBXFileReference; lastKnownFileType = text.plist.strings; name = pl; path = pl.lproj/Localizable.strings; sourceTree = "<group>"; };
		5258BA622558D1B300A5C1FB /* Constants.swift */ = {isa = PBXFileReference; lastKnownFileType = sourcecode.swift; path = Constants.swift; sourceTree = "<group>"; };
		525DE16C2559BED9008FDC2D /* OptionsViewController.swift */ = {isa = PBXFileReference; lastKnownFileType = sourcecode.swift; path = OptionsViewController.swift; sourceTree = "<group>"; };
		529A1D3025562EEA00C6CFA3 /* BeginViewController.swift */ = {isa = PBXFileReference; lastKnownFileType = sourcecode.swift; path = BeginViewController.swift; sourceTree = "<group>"; };
		529A1D32255633CC00C6CFA3 /* checklist.json */ = {isa = PBXFileReference; fileEncoding = 4; lastKnownFileType = text.json; path = checklist.json; sourceTree = "<group>"; };
		529B5728254D8FFB006EB720 /* ToDoList.app */ = {isa = PBXFileReference; explicitFileType = wrapper.application; includeInIndex = 0; path = ToDoList.app; sourceTree = BUILT_PRODUCTS_DIR; };
		529B572B254D8FFC006EB720 /* AppDelegate.swift */ = {isa = PBXFileReference; lastKnownFileType = sourcecode.swift; path = AppDelegate.swift; sourceTree = "<group>"; };
		529B572F254D8FFC006EB720 /* ItemViewController.swift */ = {isa = PBXFileReference; lastKnownFileType = sourcecode.swift; path = ItemViewController.swift; sourceTree = "<group>"; };
		529B5732254D8FFC006EB720 /* Base */ = {isa = PBXFileReference; lastKnownFileType = file.storyboard; name = Base; path = Base.lproj/Main.storyboard; sourceTree = "<group>"; };
		529B5734254D9009006EB720 /* Assets.xcassets */ = {isa = PBXFileReference; lastKnownFileType = folder.assetcatalog; path = Assets.xcassets; sourceTree = "<group>"; };
		529B5737254D9009006EB720 /* Base */ = {isa = PBXFileReference; lastKnownFileType = file.storyboard; name = Base; path = Base.lproj/LaunchScreen.storyboard; sourceTree = "<group>"; };
		529B5739254D9009006EB720 /* Info.plist */ = {isa = PBXFileReference; lastKnownFileType = text.plist.xml; path = Info.plist; sourceTree = "<group>"; };
		52A653AA255207D200B7570B /* Item.swift */ = {isa = PBXFileReference; lastKnownFileType = sourcecode.swift; path = Item.swift; sourceTree = "<group>"; };
		52A653AC255207E200B7570B /* Category.swift */ = {isa = PBXFileReference; lastKnownFileType = sourcecode.swift; path = Category.swift; sourceTree = "<group>"; };
		52AFDA77255DC8380014CDF0 /* AboutText.swift */ = {isa = PBXFileReference; lastKnownFileType = sourcecode.swift; path = AboutText.swift; sourceTree = "<group>"; };
		52AFDA7D255DDA2D0014CDF0 /* ARSLineProgressHelpers.swift */ = {isa = PBXFileReference; fileEncoding = 4; lastKnownFileType = sourcecode.swift; path = ARSLineProgressHelpers.swift; sourceTree = "<group>"; };
		52AFDA7E255DDA2D0014CDF0 /* ARSLineProgress.swift */ = {isa = PBXFileReference; fileEncoding = 4; lastKnownFileType = sourcecode.swift; path = ARSLineProgress.swift; sourceTree = "<group>"; };
		52AFDA7F255DDA2D0014CDF0 /* ARSLineProgressExtensions.swift */ = {isa = PBXFileReference; fileEncoding = 4; lastKnownFileType = sourcecode.swift; path = ARSLineProgressExtensions.swift; sourceTree = "<group>"; };
		52AFDA80255DDA2E0014CDF0 /* ARSInfiniteLoader.swift */ = {isa = PBXFileReference; fileEncoding = 4; lastKnownFileType = sourcecode.swift; path = ARSInfiniteLoader.swift; sourceTree = "<group>"; };
		52AFDA81255DDA2E0014CDF0 /* ARSProgressLoader.swift */ = {isa = PBXFileReference; fileEncoding = 4; lastKnownFileType = sourcecode.swift; path = ARSProgressLoader.swift; sourceTree = "<group>"; };
		52AFDA82255DDA2E0014CDF0 /* ARSLineProgressConstants.swift */ = {isa = PBXFileReference; fileEncoding = 4; lastKnownFileType = sourcecode.swift; path = ARSLineProgressConstants.swift; sourceTree = "<group>"; };
		52AFDA83255DDA2E0014CDF0 /* ARSLineProgressTypeAliases.swift */ = {isa = PBXFileReference; fileEncoding = 4; lastKnownFileType = sourcecode.swift; path = ARSLineProgressTypeAliases.swift; sourceTree = "<group>"; };
		52AFDA84255DDA2F0014CDF0 /* ARSLineProgressCustomization.swift */ = {isa = PBXFileReference; fileEncoding = 4; lastKnownFileType = sourcecode.swift; path = ARSLineProgressCustomization.swift; sourceTree = "<group>"; };
		52AFDA85255DDA2F0014CDF0 /* ARSLineProgressProtocols.swift */ = {isa = PBXFileReference; fileEncoding = 4; lastKnownFileType = sourcecode.swift; path = ARSLineProgressProtocols.swift; sourceTree = "<group>"; };
		52AFDA86255DDA2F0014CDF0 /* ARSStatus.swift */ = {isa = PBXFileReference; fileEncoding = 4; lastKnownFileType = sourcecode.swift; path = ARSStatus.swift; sourceTree = "<group>"; };
		52AFDA97255DFC120014CDF0 /* SlideTutorial.xib */ = {isa = PBXFileReference; lastKnownFileType = file.xib; path = SlideTutorial.xib; sourceTree = "<group>"; };
		52AFDA9A255DFC3A0014CDF0 /* SlideTutorial.swift */ = {isa = PBXFileReference; lastKnownFileType = sourcecode.swift; path = SlideTutorial.swift; sourceTree = "<group>"; };
		52B92F22255EBA6400B0E771 /* TutorialViewController.swift */ = {isa = PBXFileReference; lastKnownFileType = sourcecode.swift; path = TutorialViewController.swift; sourceTree = "<group>"; };
		52D025862559EEB2006DF45A /* CustomButton.swift */ = {isa = PBXFileReference; lastKnownFileType = sourcecode.swift; path = CustomButton.swift; sourceTree = "<group>"; };
		52F028002550E144007FFE20 /* CategoryViewController.swift */ = {isa = PBXFileReference; lastKnownFileType = sourcecode.swift; path = CategoryViewController.swift; sourceTree = "<group>"; };
		8A6D306DF5E7DCA2FABE48ED /* Pods_ToDoListApp.framework */ = {isa = PBXFileReference; explicitFileType = wrapper.framework; includeInIndex = 0; path = Pods_ToDoListApp.framework; sourceTree = BUILT_PRODUCTS_DIR; };
		A2DBBA7C9A6547B557F31D4D /* Pods-ToDoListApp.release.xcconfig */ = {isa = PBXFileReference; includeInIndex = 1; lastKnownFileType = text.xcconfig; name = "Pods-ToDoListApp.release.xcconfig"; path = "Target Support Files/Pods-ToDoListApp/Pods-ToDoListApp.release.xcconfig"; sourceTree = "<group>"; };
/* End PBXFileReference section */

/* Begin PBXFrameworksBuildPhase section */
		529B5725254D8FFB006EB720 /* Frameworks */ = {
			isa = PBXFrameworksBuildPhase;
			buildActionMask = 2147483647;
			files = (
				87C49C9B0B4B318B7CAA1EFF /* Pods_ToDoListApp.framework in Frameworks */,
			);
			runOnlyForDeploymentPostprocessing = 0;
		};
/* End PBXFrameworksBuildPhase section */

/* Begin PBXGroup section */
		446DA33A86F68D9B5EEF0554 /* Frameworks */ = {
			isa = PBXGroup;
			children = (
				8A6D306DF5E7DCA2FABE48ED /* Pods_ToDoListApp.framework */,
			);
			name = Frameworks;
			sourceTree = "<group>";
		};
		521E26F82554DF1F003E7071 /* Source */ = {
			isa = PBXGroup;
			children = (
				52AFDA80255DDA2E0014CDF0 /* ARSInfiniteLoader.swift */,
				52AFDA7E255DDA2D0014CDF0 /* ARSLineProgress.swift */,
				52AFDA82255DDA2E0014CDF0 /* ARSLineProgressConstants.swift */,
				52AFDA84255DDA2F0014CDF0 /* ARSLineProgressCustomization.swift */,
				52AFDA7F255DDA2D0014CDF0 /* ARSLineProgressExtensions.swift */,
				52AFDA7D255DDA2D0014CDF0 /* ARSLineProgressHelpers.swift */,
				52AFDA85255DDA2F0014CDF0 /* ARSLineProgressProtocols.swift */,
				52AFDA83255DDA2E0014CDF0 /* ARSLineProgressTypeAliases.swift */,
				52AFDA81255DDA2E0014CDF0 /* ARSProgressLoader.swift */,
				52AFDA86255DDA2F0014CDF0 /* ARSStatus.swift */,
				521E26F92554DF1F003E7071 /* Extensions */,
				521E270F2554DF1F003E7071 /* Viewers */,
				521E273E2554DF1F003E7071 /* Pickers */,
				521E277C2554DF20003E7071 /* Views */,
			);
			path = Source;
			sourceTree = "<group>";
		};
		521E26F92554DF1F003E7071 /* Extensions */ = {
			isa = PBXGroup;
			children = (
				521E26FA2554DF1F003E7071 /* Array+Extensions.swift */,
				521E26FB2554DF1F003E7071 /* UISegmentedControl+Extensions.swift */,
				521E26FC2554DF1F003E7071 /* UIImageView+Extensions.swift */,
				521E26FD2554DF1F003E7071 /* UIViewController+Extensions.swift */,
				521E26FE2554DF1F003E7071 /* UIView+Extensions.swift */,
				521E26FF2554DF1F003E7071 /* Date+Extension.swift */,
				521E27002554DF1F003E7071 /* String+Extensions.swift */,
				521E27012554DF1F003E7071 /* UITextView+Extensions.swift */,
				521E27022554DF1F003E7071 /* UIColor+Extensions.swift */,
				521E27032554DF1F003E7071 /* UIImage+Extensions.swift */,
				521E27042554DF1F003E7071 /* UISearchBar+Extensions.swift */,
				521E27052554DF1F003E7071 /* UIApplication+Extensions.swift */,
				521E27062554DF1F003E7071 /* UIAlertController+Extensions.swift */,
				521E27072554DF1F003E7071 /* CLPlacemark+Extensions.swift */,
				521E27082554DF1F003E7071 /* Optional+Extensions.swift */,
				521E27092554DF1F003E7071 /* Bundle+Extensions.swift */,
				521E270A2554DF1F003E7071 /* PHFetchResult+Extensions.swift */,
				521E270B2554DF1F003E7071 /* AVCaptureSession+Extensions.swift */,
				521E270C2554DF1F003E7071 /* Common+Extensions.swift */,
				521E270D2554DF1F003E7071 /* Locale+Extensions.swift */,
				521E270E2554DF1F003E7071 /* UITextField+Extensions.swift */,
			);
			path = Extensions;
			sourceTree = "<group>";
		};
		521E270F2554DF1F003E7071 /* Viewers */ = {
			isa = PBXGroup;
			children = (
				521E27102554DF1F003E7071 /* Models */,
				521E27122554DF1F003E7071 /* ImageViewer */,
				521E273D2554DF1F003E7071 /* TextViewController.swift */,
			);
			path = Viewers;
			sourceTree = "<group>";
		};
		521E27102554DF1F003E7071 /* Models */ = {
			isa = PBXGroup;
			children = (
				521E27112554DF1F003E7071 /* AttributedTextBlock.swift */,
			);
			path = Models;
			sourceTree = "<group>";
		};
		521E27122554DF1F003E7071 /* ImageViewer */ = {
			isa = PBXGroup;
			children = (
				521E27132554DF1F003E7071 /* Source */,
			);
			path = ImageViewer;
			sourceTree = "<group>";
		};
		521E27132554DF1F003E7071 /* Source */ = {
			isa = PBXGroup;
			children = (
				521E27142554DF1F003E7071 /* GalleryConfiguration.swift */,
				521E27152554DF1F003E7071 /* ItemControllerDelegate.swift */,
				521E27162554DF1F003E7071 /* UtilityFunctions.swift */,
				521E27172554DF1F003E7071 /* BlurView.swift */,
				521E27182554DF1F003E7071 /* ItemController.swift */,
				521E27192554DF1F003E7071 /* VideoScrubber.swift */,
				521E271A2554DF1F003E7071 /* GallerySwipeToDismissTransition.swift */,
				521E271B2554DF1F003E7071 /* VideoView.swift */,
				521E271C2554DF1F003E7071 /* Thumbnails Controller */,
				521E271F2554DF1F003E7071 /* ImageViewController.swift */,
				521E27202554DF1F003E7071 /* GalleryItemsDataSource.swift */,
				521E27212554DF1F003E7071 /* Extensions */,
				521E27332554DF1F003E7071 /* GalleryItemsDelegate.swift */,
				521E27342554DF1F003E7071 /* GalleryItem.swift */,
				521E27352554DF1F003E7071 /* GalleryDisplacedViewsDataSource.swift */,
				521E27362554DF1F003E7071 /* ItemBaseController.swift */,
				521E27372554DF1F003E7071 /* LayoutEnums.swift */,
				521E27382554DF1F003E7071 /* GalleryViewController.swift */,
				521E27392554DF1F003E7071 /* Slider.swift */,
				521E273A2554DF1F003E7071 /* VideoViewController.swift */,
				521E273B2554DF1F003E7071 /* GalleryPagingDataSource.swift */,
				521E273C2554DF1F003E7071 /* ImageFadeInHandler.swift */,
			);
			path = Source;
			sourceTree = "<group>";
		};
		521E271C2554DF1F003E7071 /* Thumbnails Controller */ = {
			isa = PBXGroup;
			children = (
				521E271D2554DF1F003E7071 /* ThumbnailsViewController.swift */,
				521E271E2554DF1F003E7071 /* ThumbnailCell.swift */,
			);
			path = "Thumbnails Controller";
			sourceTree = "<group>";
		};
		521E27212554DF1F003E7071 /* Extensions */ = {
			isa = PBXGroup;
			children = (
				521E27222554DF1F003E7071 /* CALayer.swift */,
				521E27232554DF1F003E7071 /* UIView.swift */,
				521E27242554DF1F003E7071 /* PickerCustomizableButton.swift */,
				521E27252554DF1F003E7071 /* UIColor.swift */,
				521E27262554DF1F003E7071 /* CGSize.swift */,
				521E27272554DF1F003E7071 /* UIBezierPath.swift */,
				521E27282554DF1F003E7071 /* CGPoint.swift */,
				521E27292554DF1F003E7071 /* UIButton.swift */,
				521E272A2554DF1F003E7071 /* UIViewController.swift */,
				521E272B2554DF1F003E7071 /* UIImageView.swift */,
				521E272C2554DF1F003E7071 /* AVPlayer.swift */,
				521E272D2554DF1F003E7071 /* Bool.swift */,
				521E272E2554DF1F003E7071 /* CGRect.swift */,
				521E272F2554DF1F003E7071 /* UIApplication.swift */,
				521E27302554DF1F003E7071 /* UIScreen.swift */,
				521E27312554DF1F003E7071 /* UISlider.swift */,
				521E27322554DF1F003E7071 /* CAShapeLayer.swift */,
			);
			path = Extensions;
			sourceTree = "<group>";
		};
		521E273E2554DF1F003E7071 /* Pickers */ = {
			isa = PBXGroup;
			children = (
				521E273F2554DF1F003E7071 /* Locale */,
				521E274A2554DF1F003E7071 /* TextFields */,
				521E274D2554DF1F003E7071 /* PhotoLibrary */,
				521E27512554DF1F003E7071 /* Location */,
				521E27592554DF1F003E7071 /* PickerView */,
				521E275B2554DF1F003E7071 /* Contacts */,
				521E27632554DF20003E7071 /* Color */,
				521E27652554DF20003E7071 /* Date */,
				521E27672554DF20003E7071 /* Image */,
				521E276B2554DF20003E7071 /* Telegram */,
			);
			path = Pickers;
			sourceTree = "<group>";
		};
		521E273F2554DF1F003E7071 /* Locale */ = {
			isa = PBXGroup;
			children = (
				521E27402554DF1F003E7071 /* Countries.bundle */,
				521E27412554DF1F003E7071 /* Managers */,
				521E27432554DF1F003E7071 /* Models */,
				521E27452554DF1F003E7071 /* LocalePickerViewController.swift */,
				521E27462554DF1F003E7071 /* Views */,
			);
			path = Locale;
			sourceTree = "<group>";
		};
		521E27412554DF1F003E7071 /* Managers */ = {
			isa = PBXGroup;
			children = (
				521E27422554DF1F003E7071 /* LocaleStore.swift */,
			);
			path = Managers;
			sourceTree = "<group>";
		};
		521E27432554DF1F003E7071 /* Models */ = {
			isa = PBXGroup;
			children = (
				521E27442554DF1F003E7071 /* LocaleInfo.swift */,
			);
			path = Models;
			sourceTree = "<group>";
		};
		521E27462554DF1F003E7071 /* Views */ = {
			isa = PBXGroup;
			children = (
				521E27472554DF1F003E7071 /* PhoneCodeCell.swift */,
				521E27482554DF1F003E7071 /* CurrencyCell.swift */,
				521E27492554DF1F003E7071 /* CountryCell.swift */,
			);
			path = Views;
			sourceTree = "<group>";
		};
		521E274A2554DF1F003E7071 /* TextFields */ = {
			isa = PBXGroup;
			children = (
				521E274B2554DF1F003E7071 /* TwoTextFieldsViewController.swift */,
				521E274C2554DF1F003E7071 /* OneTextFieldViewController.swift */,
			);
			path = TextFields;
			sourceTree = "<group>";
		};
		521E274D2554DF1F003E7071 /* PhotoLibrary */ = {
			isa = PBXGroup;
			children = (
				521E274E2554DF1F003E7071 /* Managers */,
				521E27502554DF1F003E7071 /* PhotoLibraryPickerViewController.swift */,
			);
			path = PhotoLibrary;
			sourceTree = "<group>";
		};
		521E274E2554DF1F003E7071 /* Managers */ = {
			isa = PBXGroup;
			children = (
				521E274F2554DF1F003E7071 /* Assets.swift */,
			);
			path = Managers;
			sourceTree = "<group>";
		};
		521E27512554DF1F003E7071 /* Location */ = {
			isa = PBXGroup;
			children = (
				521E27522554DF1F003E7071 /* LocationSearchResultsViewController.swift */,
				521E27532554DF1F003E7071 /* LocationPickerViewController.swift */,
				521E27542554DF1F003E7071 /* Managers */,
				521E27562554DF1F003E7071 /* Models */,
			);
			path = Location;
			sourceTree = "<group>";
		};
		521E27542554DF1F003E7071 /* Managers */ = {
			isa = PBXGroup;
			children = (
				521E27552554DF1F003E7071 /* SearchHistoryManager.swift */,
			);
			path = Managers;
			sourceTree = "<group>";
		};
		521E27562554DF1F003E7071 /* Models */ = {
			isa = PBXGroup;
			children = (
				521E27572554DF1F003E7071 /* Location.swift */,
				521E27582554DF1F003E7071 /* Address.swift */,
			);
			path = Models;
			sourceTree = "<group>";
		};
		521E27592554DF1F003E7071 /* PickerView */ = {
			isa = PBXGroup;
			children = (
				521E275A2554DF1F003E7071 /* PickerViewViewController.swift */,
			);
			path = PickerView;
			sourceTree = "<group>";
		};
		521E275B2554DF1F003E7071 /* Contacts */ = {
			isa = PBXGroup;
			children = (
				521E275C2554DF1F003E7071 /* ContactsPickerViewController.swift */,
				521E275D2554DF1F003E7071 /* Managers */,
				521E275F2554DF20003E7071 /* Models */,
				521E27612554DF20003E7071 /* Views */,
			);
			path = Contacts;
			sourceTree = "<group>";
		};
		521E275D2554DF1F003E7071 /* Managers */ = {
			isa = PBXGroup;
			children = (
				521E275E2554DF1F003E7071 /* Contacts.swift */,
			);
			path = Managers;
			sourceTree = "<group>";
		};
		521E275F2554DF20003E7071 /* Models */ = {
			isa = PBXGroup;
			children = (
				521E27602554DF20003E7071 /* Contact.swift */,
			);
			path = Models;
			sourceTree = "<group>";
		};
		521E27612554DF20003E7071 /* Views */ = {
			isa = PBXGroup;
			children = (
				521E27622554DF20003E7071 /* ContactCell.swift */,
			);
			path = Views;
			sourceTree = "<group>";
		};
		521E27632554DF20003E7071 /* Color */ = {
			isa = PBXGroup;
			children = (
				521E27642554DF20003E7071 /* ColorPickerViewController.swift */,
			);
			path = Color;
			sourceTree = "<group>";
		};
		521E27652554DF20003E7071 /* Date */ = {
			isa = PBXGroup;
			children = (
				521E27662554DF20003E7071 /* DatePickerViewController.swift */,
			);
			path = Date;
			sourceTree = "<group>";
		};
		521E27672554DF20003E7071 /* Image */ = {
			isa = PBXGroup;
			children = (
				521E27682554DF20003E7071 /* ImagePickerViewController.swift */,
				521E27692554DF20003E7071 /* Views */,
			);
			path = Image;
			sourceTree = "<group>";
		};
		521E27692554DF20003E7071 /* Views */ = {
			isa = PBXGroup;
			children = (
				521E276A2554DF20003E7071 /* ItemWithImage.swift */,
			);
			path = Views;
			sourceTree = "<group>";
		};
		521E276B2554DF20003E7071 /* Telegram */ = {
			isa = PBXGroup;
			children = (
				521E276C2554DF20003E7071 /* TelegramPickerGalleryItemsDataSource.swift */,
				521E276D2554DF20003E7071 /* Managers */,
				521E27712554DF20003E7071 /* TelegramPickerConfigurator.swift */,
				521E27722554DF20003E7071 /* Layouts */,
				521E27742554DF20003E7071 /* TelegramPickerViewController.swift */,
				521E27752554DF20003E7071 /* Views */,
				521E277B2554DF20003E7071 /* TelegramPickerResourceProvider.swift */,
			);
			path = Telegram;
			sourceTree = "<group>";
		};
		521E276D2554DF20003E7071 /* Managers */ = {
			isa = PBXGroup;
			children = (
				521E276E2554DF20003E7071 /* AssetsCollection+ChangesObserver.swift */,
				521E276F2554DF20003E7071 /* Camera.swift */,
				521E27702554DF20003E7071 /* AssetsCollection.swift */,
			);
			path = Managers;
			sourceTree = "<group>";
		};
		521E27722554DF20003E7071 /* Layouts */ = {
			isa = PBXGroup;
			children = (
				521E27732554DF20003E7071 /* PhotoLayout.swift */,
			);
			path = Layouts;
			sourceTree = "<group>";
		};
		521E27752554DF20003E7071 /* Views */ = {
			isa = PBXGroup;
			children = (
				521E27762554DF20003E7071 /* CollectionViewVideoCell.swift */,
				521E27772554DF20003E7071 /* CollectionViewCameraCell.swift */,
				521E27782554DF20003E7071 /* CollectionViewPhotoCell.swift */,
				521E27792554DF20003E7071 /* CollectionViewCustomContentCell.swift */,
				521E277A2554DF20003E7071 /* LikeButtonCell.swift */,
			);
			path = Views;
			sourceTree = "<group>";
		};
		521E277C2554DF20003E7071 /* Views */ = {
			isa = PBXGroup;
			children = (
				521E277D2554DF20003E7071 /* MMBAlertsPickersLocalizable.strings */,
				521E277F2554DF20003E7071 /* Label.swift */,
				521E27812554DF20003E7071 /* SegmentedControl.swift */,
				521E27822554DF20003E7071 /* GradientSlider.swift */,
				521E27832554DF20003E7071 /* TextField.swift */,
				521E27842554DF20003E7071 /* PickerStyle.swift */,
				521E27852554DF20003E7071 /* Button.swift */,
			);
			path = Views;
			sourceTree = "<group>";
		};
		529B571F254D8FFB006EB720 = {
			isa = PBXGroup;
			children = (
				529B572A254D8FFB006EB720 /* ToDoListApp */,
				529B5729254D8FFB006EB720 /* Products */,
				98861DBCF8AC3ED0E17F8E0C /* Pods */,
				446DA33A86F68D9B5EEF0554 /* Frameworks */,
			);
			sourceTree = "<group>";
		};
		529B5729254D8FFB006EB720 /* Products */ = {
			isa = PBXGroup;
			children = (
				529B5728254D8FFB006EB720 /* ToDoList.app */,
			);
			name = Products;
			sourceTree = "<group>";
		};
		529B572A254D8FFB006EB720 /* ToDoListApp */ = {
			isa = PBXGroup;
			children = (
				529B572B254D8FFC006EB720 /* AppDelegate.swift */,
				52FB2FA6254F666800984584 /* Models */,
				52FB2FA8254F66A800984584 /* Views */,
				52FB2FA7254F668B00984584 /* Controllers */,
				52FB2FAA254F675D00984584 /* Supporting Files */,
				521E26F82554DF1F003E7071 /* Source */,
			);
			path = ToDoListApp;
			sourceTree = "<group>";
		};
		52FB2FA6254F666800984584 /* Models */ = {
			isa = PBXGroup;
			children = (
				52A653AC255207E200B7570B /* Category.swift */,
				52A653AA255207D200B7570B /* Item.swift */,
				5215DB02255C52210028CE3C /* Helper.swift */,
				5258BA622558D1B300A5C1FB /* Constants.swift */,
				52D025862559EEB2006DF45A /* CustomButton.swift */,
				5215DAFE255C42620028CE3C /* DefaultSettings.swift */,
				52AFDA77255DC8380014CDF0 /* AboutText.swift */,
				5229B10425671A51006C16A1 /* StringExtension.swift */,
			);
			path = Models;
			sourceTree = "<group>";
		};
		52FB2FA7254F668B00984584 /* Controllers */ = {
			isa = PBXGroup;
			children = (
				529A1D3025562EEA00C6CFA3 /* BeginViewController.swift */,
				52F028002550E144007FFE20 /* CategoryViewController.swift */,
				529B572F254D8FFC006EB720 /* ItemViewController.swift */,
				525DE16C2559BED9008FDC2D /* OptionsViewController.swift */,
				52B92F22255EBA6400B0E771 /* TutorialViewController.swift */,
			);
			path = Controllers;
			sourceTree = "<group>";
		};
		52FB2FA8254F66A800984584 /* Views */ = {
			isa = PBXGroup;
			children = (
				529B5731254D8FFC006EB720 /* Main.storyboard */,
				520B0907255C919C00D8E749 /* Slide.xib */,
				520B090A255C91C300D8E749 /* Slide.swift */,
				52AFDA97255DFC120014CDF0 /* SlideTutorial.xib */,
				52AFDA9A255DFC3A0014CDF0 /* SlideTutorial.swift */,
			);
			path = Views;
			sourceTree = "<group>";
		};
		52FB2FAA254F675D00984584 /* Supporting Files */ = {
			isa = PBXGroup;
			children = (
				529A1D32255633CC00C6CFA3 /* checklist.json */,
				529B5734254D9009006EB720 /* Assets.xcassets */,
				5229B10F25672352006C16A1 /* Localizable.strings */,
				529B5736254D9009006EB720 /* LaunchScreen.storyboard */,
				529B5739254D9009006EB720 /* Info.plist */,
			);
			path = "Supporting Files";
			sourceTree = "<group>";
		};
		98861DBCF8AC3ED0E17F8E0C /* Pods */ = {
			isa = PBXGroup;
			children = (
				44B0E2FD6916DE031EF25A56 /* Pods-ToDoListApp.debug.xcconfig */,
				A2DBBA7C9A6547B557F31D4D /* Pods-ToDoListApp.release.xcconfig */,
			);
			path = Pods;
			sourceTree = "<group>";
		};
/* End PBXGroup section */

/* Begin PBXNativeTarget section */
		529B5727254D8FFB006EB720 /* ToDoList */ = {
			isa = PBXNativeTarget;
			buildConfigurationList = 529B573C254D9009006EB720 /* Build configuration list for PBXNativeTarget "ToDoList" */;
			buildPhases = (
				5E7E0FF2562E8A831EC22372 /* [CP] Check Pods Manifest.lock */,
				529B5724254D8FFB006EB720 /* Sources */,
				529B5725254D8FFB006EB720 /* Frameworks */,
				529B5726254D8FFB006EB720 /* Resources */,
				1E83812FFDC1CC32F432AD3A /* [CP] Embed Pods Frameworks */,
			);
			buildRules = (
			);
			dependencies = (
			);
			name = ToDoList;
			productName = ToDoListApp;
			productReference = 529B5728254D8FFB006EB720 /* ToDoList.app */;
			productType = "com.apple.product-type.application";
		};
/* End PBXNativeTarget section */

/* Begin PBXProject section */
		529B5720254D8FFB006EB720 /* Project object */ = {
			isa = PBXProject;
			attributes = {
				LastSwiftUpdateCheck = 1150;
				LastUpgradeCheck = 1210;
				ORGANIZATIONNAME = "Tomasz Paluszkiewicz";
				TargetAttributes = {
					529B5727254D8FFB006EB720 = {
						CreatedOnToolsVersion = 11.5;
					};
				};
			};
			buildConfigurationList = 529B5723254D8FFB006EB720 /* Build configuration list for PBXProject "ToDoListApp" */;
			compatibilityVersion = "Xcode 9.3";
			developmentRegion = en;
			hasScannedForEncodings = 0;
			knownRegions = (
				en,
				Base,
				pl,
				de,
			);
			mainGroup = 529B571F254D8FFB006EB720;
			productRefGroup = 529B5729254D8FFB006EB720 /* Products */;
			projectDirPath = "";
			projectRoot = "";
			targets = (
				529B5727254D8FFB006EB720 /* ToDoList */,
			);
		};
/* End PBXProject section */

/* Begin PBXResourcesBuildPhase section */
		529B5726254D8FFB006EB720 /* Resources */ = {
			isa = PBXResourcesBuildPhase;
			buildActionMask = 2147483647;
			files = (
				529A1D33255633CD00C6CFA3 /* checklist.json in Resources */,
				521E27C42554DF20003E7071 /* Countries.bundle in Resources */,
				529B5738254D9009006EB720 /* LaunchScreen.storyboard in Resources */,
				520B0908255C919C00D8E749 /* Slide.xib in Resources */,
				5229B10D25672352006C16A1 /* Localizable.strings in Resources */,
				529B5735254D9009006EB720 /* Assets.xcassets in Resources */,
				529B5733254D8FFC006EB720 /* Main.storyboard in Resources */,
				521E27EA2554DF20003E7071 /* MMBAlertsPickersLocalizable.strings in Resources */,
				52AFDA98255DFC120014CDF0 /* SlideTutorial.xib in Resources */,
			);
			runOnlyForDeploymentPostprocessing = 0;
		};
/* End PBXResourcesBuildPhase section */

/* Begin PBXShellScriptBuildPhase section */
		1E83812FFDC1CC32F432AD3A /* [CP] Embed Pods Frameworks */ = {
			isa = PBXShellScriptBuildPhase;
			buildActionMask = 2147483647;
			files = (
			);
			inputFileListPaths = (
				"${PODS_ROOT}/Target Support Files/Pods-ToDoListApp/Pods-ToDoListApp-frameworks-${CONFIGURATION}-input-files.xcfilelist",
			);
			name = "[CP] Embed Pods Frameworks";
			outputFileListPaths = (
				"${PODS_ROOT}/Target Support Files/Pods-ToDoListApp/Pods-ToDoListApp-frameworks-${CONFIGURATION}-output-files.xcfilelist",
			);
			runOnlyForDeploymentPostprocessing = 0;
			shellPath = /bin/sh;
			shellScript = "\"${PODS_ROOT}/Target Support Files/Pods-ToDoListApp/Pods-ToDoListApp-frameworks.sh\"\n";
			showEnvVarsInLog = 0;
		};
		5E7E0FF2562E8A831EC22372 /* [CP] Check Pods Manifest.lock */ = {
			isa = PBXShellScriptBuildPhase;
			buildActionMask = 2147483647;
			files = (
			);
			inputFileListPaths = (
			);
			inputPaths = (
				"${PODS_PODFILE_DIR_PATH}/Podfile.lock",
				"${PODS_ROOT}/Manifest.lock",
			);
			name = "[CP] Check Pods Manifest.lock";
			outputFileListPaths = (
			);
			outputPaths = (
				"$(DERIVED_FILE_DIR)/Pods-ToDoListApp-checkManifestLockResult.txt",
			);
			runOnlyForDeploymentPostprocessing = 0;
			shellPath = /bin/sh;
			shellScript = "diff \"${PODS_PODFILE_DIR_PATH}/Podfile.lock\" \"${PODS_ROOT}/Manifest.lock\" > /dev/null\nif [ $? != 0 ] ; then\n    # print error to STDERR\n    echo \"error: The sandbox is not in sync with the Podfile.lock. Run 'pod install' or update your CocoaPods installation.\" >&2\n    exit 1\nfi\n# This output is used by Xcode 'outputs' to avoid re-running this script phase.\necho \"SUCCESS\" > \"${SCRIPT_OUTPUT_FILE_0}\"\n";
			showEnvVarsInLog = 0;
		};
/* End PBXShellScriptBuildPhase section */

/* Begin PBXSourcesBuildPhase section */
		529B5724254D8FFB006EB720 /* Sources */ = {
			isa = PBXSourcesBuildPhase;
			buildActionMask = 2147483647;
			files = (
				521E27EC2554DF20003E7071 /* SegmentedControl.swift in Sources */,
				521E27AC2554DF20003E7071 /* CGSize.swift in Sources */,
				521E27E72554DF20003E7071 /* CollectionViewCustomContentCell.swift in Sources */,
				521E27932554DF20003E7071 /* CLPlacemark+Extensions.swift in Sources */,
				521E27CD2554DF20003E7071 /* Assets.swift in Sources */,
				521E27E32554DF20003E7071 /* TelegramPickerViewController.swift in Sources */,
				521E27A72554DF20003E7071 /* GalleryItemsDataSource.swift in Sources */,
				521E27AD2554DF20003E7071 /* UIBezierPath.swift in Sources */,
				521E27A32554DF20003E7071 /* VideoView.swift in Sources */,
				521E27BC2554DF20003E7071 /* ItemBaseController.swift in Sources */,
				521E27E92554DF20003E7071 /* TelegramPickerResourceProvider.swift in Sources */,
				521E27942554DF20003E7071 /* Optional+Extensions.swift in Sources */,
				521E27A02554DF20003E7071 /* ItemController.swift in Sources */,
				521E27B82554DF20003E7071 /* CAShapeLayer.swift in Sources */,
				52A653AB255207D200B7570B /* Item.swift in Sources */,
				521E27EE2554DF20003E7071 /* TextField.swift in Sources */,
				521E278B2554DF20003E7071 /* Date+Extension.swift in Sources */,
				521E27B22554DF20003E7071 /* AVPlayer.swift in Sources */,
				521E27D22554DF20003E7071 /* Location.swift in Sources */,
				521E27862554DF20003E7071 /* Array+Extensions.swift in Sources */,
				521E27BF2554DF20003E7071 /* Slider.swift in Sources */,
				52AFDA8C255DDA2F0014CDF0 /* ARSLineProgressConstants.swift in Sources */,
				521E278A2554DF20003E7071 /* UIView+Extensions.swift in Sources */,
				521E27DD2554DF20003E7071 /* TelegramPickerGalleryItemsDataSource.swift in Sources */,
				521E27A82554DF20003E7071 /* CALayer.swift in Sources */,
				521E27B62554DF20003E7071 /* UIScreen.swift in Sources */,
				521E27952554DF20003E7071 /* Bundle+Extensions.swift in Sources */,
				521E27C72554DF20003E7071 /* LocalePickerViewController.swift in Sources */,
				521E27A92554DF20003E7071 /* UIView.swift in Sources */,
				521E27BA2554DF20003E7071 /* GalleryItem.swift in Sources */,
				521E27B02554DF20003E7071 /* UIViewController.swift in Sources */,
				52AFDA78255DC8380014CDF0 /* AboutText.swift in Sources */,
				52B92F23255EBA6400B0E771 /* TutorialViewController.swift in Sources */,
				521E27912554DF20003E7071 /* UIApplication+Extensions.swift in Sources */,
				521E27EF2554DF20003E7071 /* PickerStyle.swift in Sources */,
				521E27D12554DF20003E7071 /* SearchHistoryManager.swift in Sources */,
				521E278C2554DF20003E7071 /* String+Extensions.swift in Sources */,
				525DE16D2559BED9008FDC2D /* OptionsViewController.swift in Sources */,
				521E27C92554DF20003E7071 /* CurrencyCell.swift in Sources */,
				521E27AF2554DF20003E7071 /* UIButton.swift in Sources */,
				521E27D42554DF20003E7071 /* PickerViewViewController.swift in Sources */,
				521E27D02554DF20003E7071 /* LocationPickerViewController.swift in Sources */,
				521E27AE2554DF20003E7071 /* CGPoint.swift in Sources */,
				5258BA632558D1B300A5C1FB /* Constants.swift in Sources */,
				521E27B52554DF20003E7071 /* UIApplication.swift in Sources */,
				521E27CC2554DF20003E7071 /* OneTextFieldViewController.swift in Sources */,
				52D025872559EEB2006DF45A /* CustomButton.swift in Sources */,
				521E279C2554DF20003E7071 /* GalleryConfiguration.swift in Sources */,
				521E27972554DF20003E7071 /* AVCaptureSession+Extensions.swift in Sources */,
				521E27DB2554DF20003E7071 /* ImagePickerViewController.swift in Sources */,
				52F028012550E144007FFE20 /* CategoryViewController.swift in Sources */,
				521E27872554DF20003E7071 /* UISegmentedControl+Extensions.swift in Sources */,
				521E27A42554DF20003E7071 /* ThumbnailsViewController.swift in Sources */,
				521E27C22554DF20003E7071 /* ImageFadeInHandler.swift in Sources */,
				521E27CF2554DF20003E7071 /* LocationSearchResultsViewController.swift in Sources */,
				521E27C62554DF20003E7071 /* LocaleInfo.swift in Sources */,
				521E27A62554DF20003E7071 /* ImageViewController.swift in Sources */,
				521E27A22554DF20003E7071 /* GallerySwipeToDismissTransition.swift in Sources */,
				521E27D62554DF20003E7071 /* Contacts.swift in Sources */,
				521E27892554DF20003E7071 /* UIViewController+Extensions.swift in Sources */,
				5215DAFF255C42620028CE3C /* DefaultSettings.swift in Sources */,
				521E279A2554DF20003E7071 /* UITextField+Extensions.swift in Sources */,
				521E279D2554DF20003E7071 /* ItemControllerDelegate.swift in Sources */,
				520B090B255C91C300D8E749 /* Slide.swift in Sources */,
				521E27AB2554DF20003E7071 /* UIColor.swift in Sources */,
				521E27A52554DF20003E7071 /* ThumbnailCell.swift in Sources */,
				521E27DE2554DF20003E7071 /* AssetsCollection+ChangesObserver.swift in Sources */,
				521E27AA2554DF20003E7071 /* PickerCustomizableButton.swift in Sources */,
				529A1D3125562EEA00C6CFA3 /* BeginViewController.swift in Sources */,
				52AFDA88255DDA2F0014CDF0 /* ARSLineProgress.swift in Sources */,
				52AFDA87255DDA2F0014CDF0 /* ARSLineProgressHelpers.swift in Sources */,
				521E27C32554DF20003E7071 /* TextViewController.swift in Sources */,
				521E27DA2554DF20003E7071 /* DatePickerViewController.swift in Sources */,
				521E27E52554DF20003E7071 /* CollectionViewCameraCell.swift in Sources */,
				521E27C52554DF20003E7071 /* LocaleStore.swift in Sources */,
				521E279F2554DF20003E7071 /* BlurView.swift in Sources */,
				521E27F02554DF20003E7071 /* Button.swift in Sources */,
				521E27ED2554DF20003E7071 /* GradientSlider.swift in Sources */,
				52AFDA8D255DDA2F0014CDF0 /* ARSLineProgressTypeAliases.swift in Sources */,
				521E27E12554DF20003E7071 /* TelegramPickerConfigurator.swift in Sources */,
				521E279B2554DF20003E7071 /* AttributedTextBlock.swift in Sources */,
				529B5730254D8FFC006EB720 /* ItemViewController.swift in Sources */,
				521E27E62554DF20003E7071 /* CollectionViewPhotoCell.swift in Sources */,
				521E27C02554DF20003E7071 /* VideoViewController.swift in Sources */,
				521E27E22554DF20003E7071 /* PhotoLayout.swift in Sources */,
				52AFDA90255DDA2F0014CDF0 /* ARSStatus.swift in Sources */,
				521E27EB2554DF20003E7071 /* Label.swift in Sources */,
				521E279E2554DF20003E7071 /* UtilityFunctions.swift in Sources */,
				521E27992554DF20003E7071 /* Locale+Extensions.swift in Sources */,
				529B572C254D8FFC006EB720 /* AppDelegate.swift in Sources */,
				521E27D72554DF20003E7071 /* Contact.swift in Sources */,
				521E27C82554DF20003E7071 /* PhoneCodeCell.swift in Sources */,
				521E27B42554DF20003E7071 /* CGRect.swift in Sources */,
				521E27882554DF20003E7071 /* UIImageView+Extensions.swift in Sources */,
				521E27BD2554DF20003E7071 /* LayoutEnums.swift in Sources */,
				52AFDA8B255DDA2F0014CDF0 /* ARSProgressLoader.swift in Sources */,
				521E27902554DF20003E7071 /* UISearchBar+Extensions.swift in Sources */,
				521E278E2554DF20003E7071 /* UIColor+Extensions.swift in Sources */,
				521E27D52554DF20003E7071 /* ContactsPickerViewController.swift in Sources */,
				521E27CA2554DF20003E7071 /* CountryCell.swift in Sources */,
				521E27D82554DF20003E7071 /* ContactCell.swift in Sources */,
				52AFDA8E255DDA2F0014CDF0 /* ARSLineProgressCustomization.swift in Sources */,
				521E27D92554DF20003E7071 /* ColorPickerViewController.swift in Sources */,
				5215DB03255C52210028CE3C /* Helper.swift in Sources */,
				521E27B72554DF20003E7071 /* UISlider.swift in Sources */,
				52AFDA8F255DDA2F0014CDF0 /* ARSLineProgressProtocols.swift in Sources */,
				52AFDA8A255DDA2F0014CDF0 /* ARSInfiniteLoader.swift in Sources */,
				521E27962554DF20003E7071 /* PHFetchResult+Extensions.swift in Sources */,
				521E27DC2554DF20003E7071 /* ItemWithImage.swift in Sources */,
				521E27A12554DF20003E7071 /* VideoScrubber.swift in Sources */,
				521E27B92554DF20003E7071 /* GalleryItemsDelegate.swift in Sources */,
				521E27BE2554DF20003E7071 /* GalleryViewController.swift in Sources */,
				521E27B32554DF20003E7071 /* Bool.swift in Sources */,
				521E278F2554DF20003E7071 /* UIImage+Extensions.swift in Sources */,
				521E27B12554DF20003E7071 /* UIImageView.swift in Sources */,
				521E27BB2554DF20003E7071 /* GalleryDisplacedViewsDataSource.swift in Sources */,
				52AFDA89255DDA2F0014CDF0 /* ARSLineProgressExtensions.swift in Sources */,
				521E278D2554DF20003E7071 /* UITextView+Extensions.swift in Sources */,
				521E27CB2554DF20003E7071 /* TwoTextFieldsViewController.swift in Sources */,
				52AFDA9B255DFC3A0014CDF0 /* SlideTutorial.swift in Sources */,
				521E27E02554DF20003E7071 /* AssetsCollection.swift in Sources */,
				5229B10525671A51006C16A1 /* StringExtension.swift in Sources */,
				521E27E82554DF20003E7071 /* LikeButtonCell.swift in Sources */,
				521E27D32554DF20003E7071 /* Address.swift in Sources */,
				521E27C12554DF20003E7071 /* GalleryPagingDataSource.swift in Sources */,
				521E27E42554DF20003E7071 /* CollectionViewVideoCell.swift in Sources */,
				521E27922554DF20003E7071 /* UIAlertController+Extensions.swift in Sources */,
				521E27CE2554DF20003E7071 /* PhotoLibraryPickerViewController.swift in Sources */,
				521E27982554DF20003E7071 /* Common+Extensions.swift in Sources */,
				521E27DF2554DF20003E7071 /* Camera.swift in Sources */,
				52A653AD255207E200B7570B /* Category.swift in Sources */,
			);
			runOnlyForDeploymentPostprocessing = 0;
		};
/* End PBXSourcesBuildPhase section */

/* Begin PBXVariantGroup section */
		521E277D2554DF20003E7071 /* MMBAlertsPickersLocalizable.strings */ = {
			isa = PBXVariantGroup;
			children = (
				521E27802554DF20003E7071 /* en */,
			);
			name = MMBAlertsPickersLocalizable.strings;
			sourceTree = "<group>";
		};
		5229B10F25672352006C16A1 /* Localizable.strings */ = {
			isa = PBXVariantGroup;
			children = (
				5229B10E25672352006C16A1 /* en */,
				5229B1112567235A006C16A1 /* pl */,
				520E0A6825674F3100CF8844 /* de */,
			);
			name = Localizable.strings;
			sourceTree = "<group>";
		};
		529B5731254D8FFC006EB720 /* Main.storyboard */ = {
			isa = PBXVariantGroup;
			children = (
				529B5732254D8FFC006EB720 /* Base */,
				5229B10725671E48006C16A1 /* pl */,
				520E0A6725674F3000CF8844 /* de */,
			);
			name = Main.storyboard;
			sourceTree = "<group>";
		};
		529B5736254D9009006EB720 /* LaunchScreen.storyboard */ = {
			isa = PBXVariantGroup;
			children = (
				529B5737254D9009006EB720 /* Base */,
			);
			name = LaunchScreen.storyboard;
			sourceTree = "<group>";
		};
/* End PBXVariantGroup section */

/* Begin XCBuildConfiguration section */
		529B573A254D9009006EB720 /* Debug */ = {
			isa = XCBuildConfiguration;
			buildSettings = {
				ALWAYS_SEARCH_USER_PATHS = NO;
				CLANG_ANALYZER_LOCALIZABILITY_NONLOCALIZED = YES;
				CLANG_ANALYZER_NONNULL = YES;
				CLANG_ANALYZER_NUMBER_OBJECT_CONVERSION = YES_AGGRESSIVE;
				CLANG_CXX_LANGUAGE_STANDARD = "gnu++14";
				CLANG_CXX_LIBRARY = "libc++";
				CLANG_ENABLE_MODULES = YES;
				CLANG_ENABLE_OBJC_ARC = YES;
				CLANG_ENABLE_OBJC_WEAK = YES;
				CLANG_WARN_BLOCK_CAPTURE_AUTORELEASING = YES;
				CLANG_WARN_BOOL_CONVERSION = YES;
				CLANG_WARN_COMMA = YES;
				CLANG_WARN_CONSTANT_CONVERSION = YES;
				CLANG_WARN_DEPRECATED_OBJC_IMPLEMENTATIONS = YES;
				CLANG_WARN_DIRECT_OBJC_ISA_USAGE = YES_ERROR;
				CLANG_WARN_DOCUMENTATION_COMMENTS = YES;
				CLANG_WARN_EMPTY_BODY = YES;
				CLANG_WARN_ENUM_CONVERSION = YES;
				CLANG_WARN_INFINITE_RECURSION = YES;
				CLANG_WARN_INT_CONVERSION = YES;
				CLANG_WARN_NON_LITERAL_NULL_CONVERSION = YES;
				CLANG_WARN_OBJC_IMPLICIT_RETAIN_SELF = YES;
				CLANG_WARN_OBJC_LITERAL_CONVERSION = YES;
				CLANG_WARN_OBJC_ROOT_CLASS = YES_ERROR;
				CLANG_WARN_QUOTED_INCLUDE_IN_FRAMEWORK_HEADER = YES;
				CLANG_WARN_RANGE_LOOP_ANALYSIS = YES;
				CLANG_WARN_STRICT_PROTOTYPES = YES;
				CLANG_WARN_SUSPICIOUS_MOVE = YES;
				CLANG_WARN_UNGUARDED_AVAILABILITY = YES_AGGRESSIVE;
				CLANG_WARN_UNREACHABLE_CODE = YES;
				CLANG_WARN__DUPLICATE_METHOD_MATCH = YES;
				COPY_PHASE_STRIP = NO;
				DEBUG_INFORMATION_FORMAT = dwarf;
				ENABLE_STRICT_OBJC_MSGSEND = YES;
				ENABLE_TESTABILITY = YES;
				GCC_C_LANGUAGE_STANDARD = gnu11;
				GCC_DYNAMIC_NO_PIC = NO;
				GCC_NO_COMMON_BLOCKS = YES;
				GCC_OPTIMIZATION_LEVEL = 0;
				GCC_PREPROCESSOR_DEFINITIONS = (
					"DEBUG=1",
					"$(inherited)",
				);
				GCC_WARN_64_TO_32_BIT_CONVERSION = YES;
				GCC_WARN_ABOUT_RETURN_TYPE = YES_ERROR;
				GCC_WARN_UNDECLARED_SELECTOR = YES;
				GCC_WARN_UNINITIALIZED_AUTOS = YES_AGGRESSIVE;
				GCC_WARN_UNUSED_FUNCTION = YES;
				GCC_WARN_UNUSED_VARIABLE = YES;
				IPHONEOS_DEPLOYMENT_TARGET = 12.0;
				MTL_ENABLE_DEBUG_INFO = INCLUDE_SOURCE;
				MTL_FAST_MATH = YES;
				ONLY_ACTIVE_ARCH = YES;
				SDKROOT = iphoneos;
				SWIFT_ACTIVE_COMPILATION_CONDITIONS = DEBUG;
				SWIFT_OPTIMIZATION_LEVEL = "-Onone";
			};
			name = Debug;
		};
		529B573B254D9009006EB720 /* Release */ = {
			isa = XCBuildConfiguration;
			buildSettings = {
				ALWAYS_SEARCH_USER_PATHS = NO;
				CLANG_ANALYZER_LOCALIZABILITY_NONLOCALIZED = YES;
				CLANG_ANALYZER_NONNULL = YES;
				CLANG_ANALYZER_NUMBER_OBJECT_CONVERSION = YES_AGGRESSIVE;
				CLANG_CXX_LANGUAGE_STANDARD = "gnu++14";
				CLANG_CXX_LIBRARY = "libc++";
				CLANG_ENABLE_MODULES = YES;
				CLANG_ENABLE_OBJC_ARC = YES;
				CLANG_ENABLE_OBJC_WEAK = YES;
				CLANG_WARN_BLOCK_CAPTURE_AUTORELEASING = YES;
				CLANG_WARN_BOOL_CONVERSION = YES;
				CLANG_WARN_COMMA = YES;
				CLANG_WARN_CONSTANT_CONVERSION = YES;
				CLANG_WARN_DEPRECATED_OBJC_IMPLEMENTATIONS = YES;
				CLANG_WARN_DIRECT_OBJC_ISA_USAGE = YES_ERROR;
				CLANG_WARN_DOCUMENTATION_COMMENTS = YES;
				CLANG_WARN_EMPTY_BODY = YES;
				CLANG_WARN_ENUM_CONVERSION = YES;
				CLANG_WARN_INFINITE_RECURSION = YES;
				CLANG_WARN_INT_CONVERSION = YES;
				CLANG_WARN_NON_LITERAL_NULL_CONVERSION = YES;
				CLANG_WARN_OBJC_IMPLICIT_RETAIN_SELF = YES;
				CLANG_WARN_OBJC_LITERAL_CONVERSION = YES;
				CLANG_WARN_OBJC_ROOT_CLASS = YES_ERROR;
				CLANG_WARN_QUOTED_INCLUDE_IN_FRAMEWORK_HEADER = YES;
				CLANG_WARN_RANGE_LOOP_ANALYSIS = YES;
				CLANG_WARN_STRICT_PROTOTYPES = YES;
				CLANG_WARN_SUSPICIOUS_MOVE = YES;
				CLANG_WARN_UNGUARDED_AVAILABILITY = YES_AGGRESSIVE;
				CLANG_WARN_UNREACHABLE_CODE = YES;
				CLANG_WARN__DUPLICATE_METHOD_MATCH = YES;
				COPY_PHASE_STRIP = NO;
				DEBUG_INFORMATION_FORMAT = "dwarf-with-dsym";
				ENABLE_NS_ASSERTIONS = NO;
				ENABLE_STRICT_OBJC_MSGSEND = YES;
				GCC_C_LANGUAGE_STANDARD = gnu11;
				GCC_NO_COMMON_BLOCKS = YES;
				GCC_WARN_64_TO_32_BIT_CONVERSION = YES;
				GCC_WARN_ABOUT_RETURN_TYPE = YES_ERROR;
				GCC_WARN_UNDECLARED_SELECTOR = YES;
				GCC_WARN_UNINITIALIZED_AUTOS = YES_AGGRESSIVE;
				GCC_WARN_UNUSED_FUNCTION = YES;
				GCC_WARN_UNUSED_VARIABLE = YES;
				IPHONEOS_DEPLOYMENT_TARGET = 12.0;
				MTL_ENABLE_DEBUG_INFO = NO;
				MTL_FAST_MATH = YES;
				SDKROOT = iphoneos;
				SWIFT_COMPILATION_MODE = wholemodule;
				SWIFT_OPTIMIZATION_LEVEL = "-O";
				VALIDATE_PRODUCT = YES;
			};
			name = Release;
		};
		529B573D254D9009006EB720 /* Debug */ = {
			isa = XCBuildConfiguration;
			baseConfigurationReference = 44B0E2FD6916DE031EF25A56 /* Pods-ToDoListApp.debug.xcconfig */;
			buildSettings = {
				ASSETCATALOG_COMPILER_APPICON_NAME = AppIcon;
				CODE_SIGN_STYLE = Automatic;
				CURRENT_PROJECT_VERSION = 1;
				DEVELOPMENT_TEAM = UADL7D88KK;
				INFOPLIST_FILE = "$(SRCROOT)/ToDoListApp/Supporting Files/Info.plist";
				IPHONEOS_DEPLOYMENT_TARGET = 12.0;
				LD_RUNPATH_SEARCH_PATHS = (
					"$(inherited)",
					"@executable_path/Frameworks",
				);
				MARKETING_VERSION = 1.1.2;
				PRODUCT_BUNDLE_IDENTIFIER = "com.t-pal.ToDoListApp";
				PRODUCT_NAME = "$(TARGET_NAME)";
				SWIFT_VERSION = 5.0;
				TARGETED_DEVICE_FAMILY = "1,2";
			};
			name = Debug;
		};
		529B573E254D9009006EB720 /* Release */ = {
			isa = XCBuildConfiguration;
			baseConfigurationReference = A2DBBA7C9A6547B557F31D4D /* Pods-ToDoListApp.release.xcconfig */;
			buildSettings = {
				ASSETCATALOG_COMPILER_APPICON_NAME = AppIcon;
				CODE_SIGN_STYLE = Automatic;
				CURRENT_PROJECT_VERSION = 1;
				DEVELOPMENT_TEAM = UADL7D88KK;
				INFOPLIST_FILE = "$(SRCROOT)/ToDoListApp/Supporting Files/Info.plist";
				IPHONEOS_DEPLOYMENT_TARGET = 12.0;
				LD_RUNPATH_SEARCH_PATHS = (
					"$(inherited)",
					"@executable_path/Frameworks",
				);
				MARKETING_VERSION = 1.1.2;
				PRODUCT_BUNDLE_IDENTIFIER = "com.t-pal.ToDoListApp";
				PRODUCT_NAME = "$(TARGET_NAME)";
				SWIFT_VERSION = 5.0;
				TARGETED_DEVICE_FAMILY = "1,2";
			};
			name = Release;
		};
/* End XCBuildConfiguration section */

/* Begin XCConfigurationList section */
		529B5723254D8FFB006EB720 /* Build configuration list for PBXProject "ToDoListApp" */ = {
			isa = XCConfigurationList;
			buildConfigurations = (
				529B573A254D9009006EB720 /* Debug */,
				529B573B254D9009006EB720 /* Release */,
			);
			defaultConfigurationIsVisible = 0;
			defaultConfigurationName = Release;
		};
		529B573C254D9009006EB720 /* Build configuration list for PBXNativeTarget "ToDoList" */ = {
			isa = XCConfigurationList;
			buildConfigurations = (
				529B573D254D9009006EB720 /* Debug */,
				529B573E254D9009006EB720 /* Release */,
			);
			defaultConfigurationIsVisible = 0;
			defaultConfigurationName = Release;
		};
/* End XCConfigurationList section */
	};
	rootObject = 529B5720254D8FFB006EB720 /* Project object */;
}
