// !$*UTF8*$!
{
	archiveVersion = 1;
	classes = {
	};
	objectVersion = 51;
	objects = {

/* Begin PBXBuildFile section */
		529B572C254D8FFC006EB720 /* AppDelegate.swift in Sources */ = {isa = PBXBuildFile; fileRef = 529B572B254D8FFC006EB720 /* AppDelegate.swift */; };
		529B5730254D8FFC006EB720 /* ToDoListViewController.swift in Sources */ = {isa = PBXBuildFile; fileRef = 529B572F254D8FFC006EB720 /* ToDoListViewController.swift */; };
		529B5733254D8FFC006EB720 /* Main.storyboard in Resources */ = {isa = PBXBuildFile; fileRef = 529B5731254D8FFC006EB720 /* Main.storyboard */; };
		529B5735254D9009006EB720 /* Assets.xcassets in Resources */ = {isa = PBXBuildFile; fileRef = 529B5734254D9009006EB720 /* Assets.xcassets */; };
		529B5738254D9009006EB720 /* LaunchScreen.storyboard in Resources */ = {isa = PBXBuildFile; fileRef = 529B5736254D9009006EB720 /* LaunchScreen.storyboard */; };
		52A653AB255207D200B7570B /* Item.swift in Sources */ = {isa = PBXBuildFile; fileRef = 52A653AA255207D200B7570B /* Item.swift */; };
		52A653AD255207E200B7570B /* Category.swift in Sources */ = {isa = PBXBuildFile; fileRef = 52A653AC255207E200B7570B /* Category.swift */; };
		52F028012550E144007FFE20 /* CategoryViewController.swift in Sources */ = {isa = PBXBuildFile; fileRef = 52F028002550E144007FFE20 /* CategoryViewController.swift */; };
		87C49C9B0B4B318B7CAA1EFF /* Pods_ToDoListApp.framework in Frameworks */ = {isa = PBXBuildFile; fileRef = 8A6D306DF5E7DCA2FABE48ED /* Pods_ToDoListApp.framework */; };
/* End PBXBuildFile section */

/* Begin PBXFileReference section */
		44B0E2FD6916DE031EF25A56 /* Pods-ToDoListApp.debug.xcconfig */ = {isa = PBXFileReference; includeInIndex = 1; lastKnownFileType = text.xcconfig; name = "Pods-ToDoListApp.debug.xcconfig"; path = "Target Support Files/Pods-ToDoListApp/Pods-ToDoListApp.debug.xcconfig"; sourceTree = "<group>"; };
		529B5728254D8FFB006EB720 /* ToDoListApp.app */ = {isa = PBXFileReference; explicitFileType = wrapper.application; includeInIndex = 0; path = ToDoListApp.app; sourceTree = BUILT_PRODUCTS_DIR; };
		529B572B254D8FFC006EB720 /* AppDelegate.swift */ = {isa = PBXFileReference; lastKnownFileType = sourcecode.swift; path = AppDelegate.swift; sourceTree = "<group>"; };
		529B572F254D8FFC006EB720 /* ToDoListViewController.swift */ = {isa = PBXFileReference; lastKnownFileType = sourcecode.swift; path = ToDoListViewController.swift; sourceTree = "<group>"; };
		529B5732254D8FFC006EB720 /* Base */ = {isa = PBXFileReference; lastKnownFileType = file.storyboard; name = Base; path = Base.lproj/Main.storyboard; sourceTree = "<group>"; };
		529B5734254D9009006EB720 /* Assets.xcassets */ = {isa = PBXFileReference; lastKnownFileType = folder.assetcatalog; path = Assets.xcassets; sourceTree = "<group>"; };
		529B5737254D9009006EB720 /* Base */ = {isa = PBXFileReference; lastKnownFileType = file.storyboard; name = Base; path = Base.lproj/LaunchScreen.storyboard; sourceTree = "<group>"; };
		529B5739254D9009006EB720 /* Info.plist */ = {isa = PBXFileReference; lastKnownFileType = text.plist.xml; path = Info.plist; sourceTree = "<group>"; };
		52A653AA255207D200B7570B /* Item.swift */ = {isa = PBXFileReference; lastKnownFileType = sourcecode.swift; path = Item.swift; sourceTree = "<group>"; };
		52A653AC255207E200B7570B /* Category.swift */ = {isa = PBXFileReference; lastKnownFileType = sourcecode.swift; path = Category.swift; sourceTree = "<group>"; };
		52F028002550E144007FFE20 /* CategoryViewController.swift */ = {isa = PBXFileReference; lastKnownFileType = sourcecode.swift; path = CategoryViewController.swift; sourceTree = "<group>"; };
		8A6D306DF5E7DCA2FABE48ED /* Pods_ToDoListApp.framework */ = {isa = PBXFileReference; explicitFileType = wrapper.framework; includeInIndex = 0; path = Pods_ToDoListApp.framework; sourceTree = BUILT_PRODUCTS_DIR; };
		A2DBBA7C9A6547B557F31D4D /* Pods-ToDoListApp.release.xcconfig */ = {isa = PBXFileReference; includeInIndex = 1; lastKnownFileType = text.xcconfig; name = "Pods-ToDoListApp.release.xcconfig"; path = "Target Support Files/Pods-ToDoListApp/Pods-ToDoListApp.release.xcconfig"; sourceTree = "<group>"; };
/* End PBXFileReference section */

/* Begin PBXFrameworksBuildPhase section */
		529B5725254D8FFB006EB720 /* Frameworks */ = {
			isa = PBXFrameworksBuildPhase;
			buildActionMask = 2147483647;
			files = (
				87C49C9B0B4B318B7CAA1EFF /* Pods_ToDoListApp.framework in Frameworks */,
			);
			runOnlyForDeploymentPostprocessing = 0;
		};
/* End PBXFrameworksBuildPhase section */

/* Begin PBXGroup section */
		446DA33A86F68D9B5EEF0554 /* Frameworks */ = {
			isa = PBXGroup;
			children = (
				8A6D306DF5E7DCA2FABE48ED /* Pods_ToDoListApp.framework */,
			);
			name = Frameworks;
			sourceTree = "<group>";
		};
		529B571F254D8FFB006EB720 = {
			isa = PBXGroup;
			children = (
				529B572A254D8FFB006EB720 /* ToDoListApp */,
				529B5729254D8FFB006EB720 /* Products */,
				98861DBCF8AC3ED0E17F8E0C /* Pods */,
				446DA33A86F68D9B5EEF0554 /* Frameworks */,
			);
			sourceTree = "<group>";
		};
		529B5729254D8FFB006EB720 /* Products */ = {
			isa = PBXGroup;
			children = (
				529B5728254D8FFB006EB720 /* ToDoListApp.app */,
			);
			name = Products;
			sourceTree = "<group>";
		};
		529B572A254D8FFB006EB720 /* ToDoListApp */ = {
			isa = PBXGroup;
			children = (
				529B572B254D8FFC006EB720 /* AppDelegate.swift */,
				52FB2FA6254F666800984584 /* Data Model */,
				52FB2FA8254F66A800984584 /* Views */,
				52FB2FA7254F668B00984584 /* Controllers */,
				52FB2FAA254F675D00984584 /* Supporting Files */,
			);
			path = ToDoListApp;
			sourceTree = "<group>";
		};
		52FB2FA6254F666800984584 /* Data Model */ = {
			isa = PBXGroup;
			children = (
				52A653AC255207E200B7570B /* Category.swift */,
				52A653AA255207D200B7570B /* Item.swift */,
			);
			path = "Data Model";
			sourceTree = "<group>";
		};
		52FB2FA7254F668B00984584 /* Controllers */ = {
			isa = PBXGroup;
			children = (
				52F028002550E144007FFE20 /* CategoryViewController.swift */,
				529B572F254D8FFC006EB720 /* ToDoListViewController.swift */,
			);
			path = Controllers;
			sourceTree = "<group>";
		};
		52FB2FA8254F66A800984584 /* Views */ = {
			isa = PBXGroup;
			children = (
				529B5731254D8FFC006EB720 /* Main.storyboard */,
			);
			path = Views;
			sourceTree = "<group>";
		};
		52FB2FAA254F675D00984584 /* Supporting Files */ = {
			isa = PBXGroup;
			children = (
				529B5734254D9009006EB720 /* Assets.xcassets */,
				529B5736254D9009006EB720 /* LaunchScreen.storyboard */,
				529B5739254D9009006EB720 /* Info.plist */,
			);
			path = "Supporting Files";
			sourceTree = "<group>";
		};
		98861DBCF8AC3ED0E17F8E0C /* Pods */ = {
			isa = PBXGroup;
			children = (
				44B0E2FD6916DE031EF25A56 /* Pods-ToDoListApp.debug.xcconfig */,
				A2DBBA7C9A6547B557F31D4D /* Pods-ToDoListApp.release.xcconfig */,
			);
			path = Pods;
			sourceTree = "<group>";
		};
/* End PBXGroup section */

/* Begin PBXNativeTarget section */
		529B5727254D8FFB006EB720 /* ToDoListApp */ = {
			isa = PBXNativeTarget;
			buildConfigurationList = 529B573C254D9009006EB720 /* Build configuration list for PBXNativeTarget "ToDoListApp" */;
			buildPhases = (
				5E7E0FF2562E8A831EC22372 /* [CP] Check Pods Manifest.lock */,
				529B5724254D8FFB006EB720 /* Sources */,
				529B5725254D8FFB006EB720 /* Frameworks */,
				529B5726254D8FFB006EB720 /* Resources */,
				1E83812FFDC1CC32F432AD3A /* [CP] Embed Pods Frameworks */,
			);
			buildRules = (
			);
			dependencies = (
			);
			name = ToDoListApp;
			productName = ToDoListApp;
			productReference = 529B5728254D8FFB006EB720 /* ToDoListApp.app */;
			productType = "com.apple.product-type.application";
		};
/* End PBXNativeTarget section */

/* Begin PBXProject section */
		529B5720254D8FFB006EB720 /* Project object */ = {
			isa = PBXProject;
			attributes = {
				LastSwiftUpdateCheck = 1150;
				LastUpgradeCheck = 1150;
				ORGANIZATIONNAME = "Tomasz Paluszkiewicz";
				TargetAttributes = {
					529B5727254D8FFB006EB720 = {
						CreatedOnToolsVersion = 11.5;
					};
				};
			};
			buildConfigurationList = 529B5723254D8FFB006EB720 /* Build configuration list for PBXProject "ToDoListApp" */;
			compatibilityVersion = "Xcode 9.3";
			developmentRegion = en;
			hasScannedForEncodings = 0;
			knownRegions = (
				en,
				Base,
			);
			mainGroup = 529B571F254D8FFB006EB720;
			productRefGroup = 529B5729254D8FFB006EB720 /* Products */;
			projectDirPath = "";
			projectRoot = "";
			targets = (
				529B5727254D8FFB006EB720 /* ToDoListApp */,
			);
		};
/* End PBXProject section */

/* Begin PBXResourcesBuildPhase section */
		529B5726254D8FFB006EB720 /* Resources */ = {
			isa = PBXResourcesBuildPhase;
			buildActionMask = 2147483647;
			files = (
				529B5738254D9009006EB720 /* LaunchScreen.storyboard in Resources */,
				529B5735254D9009006EB720 /* Assets.xcassets in Resources */,
				529B5733254D8FFC006EB720 /* Main.storyboard in Resources */,
			);
			runOnlyForDeploymentPostprocessing = 0;
		};
/* End PBXResourcesBuildPhase section */

/* Begin PBXShellScriptBuildPhase section */
		1E83812FFDC1CC32F432AD3A /* [CP] Embed Pods Frameworks */ = {
			isa = PBXShellScriptBuildPhase;
			buildActionMask = 2147483647;
			files = (
			);
			inputFileListPaths = (
				"${PODS_ROOT}/Target Support Files/Pods-ToDoListApp/Pods-ToDoListApp-frameworks-${CONFIGURATION}-input-files.xcfilelist",
			);
			name = "[CP] Embed Pods Frameworks";
			outputFileListPaths = (
				"${PODS_ROOT}/Target Support Files/Pods-ToDoListApp/Pods-ToDoListApp-frameworks-${CONFIGURATION}-output-files.xcfilelist",
			);
			runOnlyForDeploymentPostprocessing = 0;
			shellPath = /bin/sh;
			shellScript = "\"${PODS_ROOT}/Target Support Files/Pods-ToDoListApp/Pods-ToDoListApp-frameworks.sh\"\n";
			showEnvVarsInLog = 0;
		};
		5E7E0FF2562E8A831EC22372 /* [CP] Check Pods Manifest.lock */ = {
			isa = PBXShellScriptBuildPhase;
			buildActionMask = 2147483647;
			files = (
			);
			inputFileListPaths = (
			);
			inputPaths = (
				"${PODS_PODFILE_DIR_PATH}/Podfile.lock",
				"${PODS_ROOT}/Manifest.lock",
			);
			name = "[CP] Check Pods Manifest.lock";
			outputFileListPaths = (
			);
			outputPaths = (
				"$(DERIVED_FILE_DIR)/Pods-ToDoListApp-checkManifestLockResult.txt",
			);
			runOnlyForDeploymentPostprocessing = 0;
			shellPath = /bin/sh;
			shellScript = "diff \"${PODS_PODFILE_DIR_PATH}/Podfile.lock\" \"${PODS_ROOT}/Manifest.lock\" > /dev/null\nif [ $? != 0 ] ; then\n    # print error to STDERR\n    echo \"error: The sandbox is not in sync with the Podfile.lock. Run 'pod install' or update your CocoaPods installation.\" >&2\n    exit 1\nfi\n# This output is used by Xcode 'outputs' to avoid re-running this script phase.\necho \"SUCCESS\" > \"${SCRIPT_OUTPUT_FILE_0}\"\n";
			showEnvVarsInLog = 0;
		};
/* End PBXShellScriptBuildPhase section */

/* Begin PBXSourcesBuildPhase section */
		529B5724254D8FFB006EB720 /* Sources */ = {
			isa = PBXSourcesBuildPhase;
			buildActionMask = 2147483647;
			files = (
				52A653AB255207D200B7570B /* Item.swift in Sources */,
				52F028012550E144007FFE20 /* CategoryViewController.swift in Sources */,
				529B5730254D8FFC006EB720 /* ToDoListViewController.swift in Sources */,
				529B572C254D8FFC006EB720 /* AppDelegate.swift in Sources */,
				52A653AD255207E200B7570B /* Category.swift in Sources */,
			);
			runOnlyForDeploymentPostprocessing = 0;
		};
/* End PBXSourcesBuildPhase section */

/* Begin PBXVariantGroup section */
		529B5731254D8FFC006EB720 /* Main.storyboard */ = {
			isa = PBXVariantGroup;
			children = (
				529B5732254D8FFC006EB720 /* Base */,
			);
			name = Main.storyboard;
			sourceTree = "<group>";
		};
		529B5736254D9009006EB720 /* LaunchScreen.storyboard */ = {
			isa = PBXVariantGroup;
			children = (
				529B5737254D9009006EB720 /* Base */,
			);
			name = LaunchScreen.storyboard;
			sourceTree = "<group>";
		};
/* End PBXVariantGroup section */

/* Begin XCBuildConfiguration section */
		529B573A254D9009006EB720 /* Debug */ = {
			isa = XCBuildConfiguration;
			buildSettings = {
				ALWAYS_SEARCH_USER_PATHS = NO;
				CLANG_ANALYZER_NONNULL = YES;
				CLANG_ANALYZER_NUMBER_OBJECT_CONVERSION = YES_AGGRESSIVE;
				CLANG_CXX_LANGUAGE_STANDARD = "gnu++14";
				CLANG_CXX_LIBRARY = "libc++";
				CLANG_ENABLE_MODULES = YES;
				CLANG_ENABLE_OBJC_ARC = YES;
				CLANG_ENABLE_OBJC_WEAK = YES;
				CLANG_WARN_BLOCK_CAPTURE_AUTORELEASING = YES;
				CLANG_WARN_BOOL_CONVERSION = YES;
				CLANG_WARN_COMMA = YES;
				CLANG_WARN_CONSTANT_CONVERSION = YES;
				CLANG_WARN_DEPRECATED_OBJC_IMPLEMENTATIONS = YES;
				CLANG_WARN_DIRECT_OBJC_ISA_USAGE = YES_ERROR;
				CLANG_WARN_DOCUMENTATION_COMMENTS = YES;
				CLANG_WARN_EMPTY_BODY = YES;
				CLANG_WARN_ENUM_CONVERSION = YES;
				CLANG_WARN_INFINITE_RECURSION = YES;
				CLANG_WARN_INT_CONVERSION = YES;
				CLANG_WARN_NON_LITERAL_NULL_CONVERSION = YES;
				CLANG_WARN_OBJC_IMPLICIT_RETAIN_SELF = YES;
				CLANG_WARN_OBJC_LITERAL_CONVERSION = YES;
				CLANG_WARN_OBJC_ROOT_CLASS = YES_ERROR;
				CLANG_WARN_RANGE_LOOP_ANALYSIS = YES;
				CLANG_WARN_STRICT_PROTOTYPES = YES;
				CLANG_WARN_SUSPICIOUS_MOVE = YES;
				CLANG_WARN_UNGUARDED_AVAILABILITY = YES_AGGRESSIVE;
				CLANG_WARN_UNREACHABLE_CODE = YES;
				CLANG_WARN__DUPLICATE_METHOD_MATCH = YES;
				COPY_PHASE_STRIP = NO;
				DEBUG_INFORMATION_FORMAT = dwarf;
				ENABLE_STRICT_OBJC_MSGSEND = YES;
				ENABLE_TESTABILITY = YES;
				GCC_C_LANGUAGE_STANDARD = gnu11;
				GCC_DYNAMIC_NO_PIC = NO;
				GCC_NO_COMMON_BLOCKS = YES;
				GCC_OPTIMIZATION_LEVEL = 0;
				GCC_PREPROCESSOR_DEFINITIONS = (
					"DEBUG=1",
					"$(inherited)",
				);
				GCC_WARN_64_TO_32_BIT_CONVERSION = YES;
				GCC_WARN_ABOUT_RETURN_TYPE = YES_ERROR;
				GCC_WARN_UNDECLARED_SELECTOR = YES;
				GCC_WARN_UNINITIALIZED_AUTOS = YES_AGGRESSIVE;
				GCC_WARN_UNUSED_FUNCTION = YES;
				GCC_WARN_UNUSED_VARIABLE = YES;
				IPHONEOS_DEPLOYMENT_TARGET = 13.5;
				MTL_ENABLE_DEBUG_INFO = INCLUDE_SOURCE;
				MTL_FAST_MATH = YES;
				ONLY_ACTIVE_ARCH = YES;
				SDKROOT = iphoneos;
				SWIFT_ACTIVE_COMPILATION_CONDITIONS = DEBUG;
				SWIFT_OPTIMIZATION_LEVEL = "-Onone";
			};
			name = Debug;
		};
		529B573B254D9009006EB720 /* Release */ = {
			isa = XCBuildConfiguration;
			buildSettings = {
				ALWAYS_SEARCH_USER_PATHS = NO;
				CLANG_ANALYZER_NONNULL = YES;
				CLANG_ANALYZER_NUMBER_OBJECT_CONVERSION = YES_AGGRESSIVE;
				CLANG_CXX_LANGUAGE_STANDARD = "gnu++14";
				CLANG_CXX_LIBRARY = "libc++";
				CLANG_ENABLE_MODULES = YES;
				CLANG_ENABLE_OBJC_ARC = YES;
				CLANG_ENABLE_OBJC_WEAK = YES;
				CLANG_WARN_BLOCK_CAPTURE_AUTORELEASING = YES;
				CLANG_WARN_BOOL_CONVERSION = YES;
				CLANG_WARN_COMMA = YES;
				CLANG_WARN_CONSTANT_CONVERSION = YES;
				CLANG_WARN_DEPRECATED_OBJC_IMPLEMENTATIONS = YES;
				CLANG_WARN_DIRECT_OBJC_ISA_USAGE = YES_ERROR;
				CLANG_WARN_DOCUMENTATION_COMMENTS = YES;
				CLANG_WARN_EMPTY_BODY = YES;
				CLANG_WARN_ENUM_CONVERSION = YES;
				CLANG_WARN_INFINITE_RECURSION = YES;
				CLANG_WARN_INT_CONVERSION = YES;
				CLANG_WARN_NON_LITERAL_NULL_CONVERSION = YES;
				CLANG_WARN_OBJC_IMPLICIT_RETAIN_SELF = YES;
				CLANG_WARN_OBJC_LITERAL_CONVERSION = YES;
				CLANG_WARN_OBJC_ROOT_CLASS = YES_ERROR;
				CLANG_WARN_RANGE_LOOP_ANALYSIS = YES;
				CLANG_WARN_STRICT_PROTOTYPES = YES;
				CLANG_WARN_SUSPICIOUS_MOVE = YES;
				CLANG_WARN_UNGUARDED_AVAILABILITY = YES_AGGRESSIVE;
				CLANG_WARN_UNREACHABLE_CODE = YES;
				CLANG_WARN__DUPLICATE_METHOD_MATCH = YES;
				COPY_PHASE_STRIP = NO;
				DEBUG_INFORMATION_FORMAT = "dwarf-with-dsym";
				ENABLE_NS_ASSERTIONS = NO;
				ENABLE_STRICT_OBJC_MSGSEND = YES;
				GCC_C_LANGUAGE_STANDARD = gnu11;
				GCC_NO_COMMON_BLOCKS = YES;
				GCC_WARN_64_TO_32_BIT_CONVERSION = YES;
				GCC_WARN_ABOUT_RETURN_TYPE = YES_ERROR;
				GCC_WARN_UNDECLARED_SELECTOR = YES;
				GCC_WARN_UNINITIALIZED_AUTOS = YES_AGGRESSIVE;
				GCC_WARN_UNUSED_FUNCTION = YES;
				GCC_WARN_UNUSED_VARIABLE = YES;
				IPHONEOS_DEPLOYMENT_TARGET = 13.5;
				MTL_ENABLE_DEBUG_INFO = NO;
				MTL_FAST_MATH = YES;
				SDKROOT = iphoneos;
				SWIFT_COMPILATION_MODE = wholemodule;
				SWIFT_OPTIMIZATION_LEVEL = "-O";
				VALIDATE_PRODUCT = YES;
			};
			name = Release;
		};
		529B573D254D9009006EB720 /* Debug */ = {
			isa = XCBuildConfiguration;
			baseConfigurationReference = 44B0E2FD6916DE031EF25A56 /* Pods-ToDoListApp.debug.xcconfig */;
			buildSettings = {
				ASSETCATALOG_COMPILER_APPICON_NAME = AppIcon;
				CODE_SIGN_STYLE = Automatic;
				DEVELOPMENT_TEAM = UADL7D88KK;
				INFOPLIST_FILE = "$(SRCROOT)/ToDoListApp/Supporting Files/Info.plist";
				IPHONEOS_DEPLOYMENT_TARGET = 12.0;
				LD_RUNPATH_SEARCH_PATHS = (
					"$(inherited)",
					"@executable_path/Frameworks",
				);
				PRODUCT_BUNDLE_IDENTIFIER = "com.t-pal.ToDoListApp";
				PRODUCT_NAME = "$(TARGET_NAME)";
				SWIFT_VERSION = 5.0;
				TARGETED_DEVICE_FAMILY = "1,2";
			};
			name = Debug;
		};
		529B573E254D9009006EB720 /* Release */ = {
			isa = XCBuildConfiguration;
			baseConfigurationReference = A2DBBA7C9A6547B557F31D4D /* Pods-ToDoListApp.release.xcconfig */;
			buildSettings = {
				ASSETCATALOG_COMPILER_APPICON_NAME = AppIcon;
				CODE_SIGN_STYLE = Automatic;
				DEVELOPMENT_TEAM = UADL7D88KK;
				INFOPLIST_FILE = "$(SRCROOT)/ToDoListApp/Supporting Files/Info.plist";
				IPHONEOS_DEPLOYMENT_TARGET = 12.0;
				LD_RUNPATH_SEARCH_PATHS = (
					"$(inherited)",
					"@executable_path/Frameworks",
				);
				PRODUCT_BUNDLE_IDENTIFIER = "com.t-pal.ToDoListApp";
				PRODUCT_NAME = "$(TARGET_NAME)";
				SWIFT_VERSION = 5.0;
				TARGETED_DEVICE_FAMILY = "1,2";
			};
			name = Release;
		};
/* End XCBuildConfiguration section */

/* Begin XCConfigurationList section */
		529B5723254D8FFB006EB720 /* Build configuration list for PBXProject "ToDoListApp" */ = {
			isa = XCConfigurationList;
			buildConfigurations = (
				529B573A254D9009006EB720 /* Debug */,
				529B573B254D9009006EB720 /* Release */,
			);
			defaultConfigurationIsVisible = 0;
			defaultConfigurationName = Release;
		};
		529B573C254D9009006EB720 /* Build configuration list for PBXNativeTarget "ToDoListApp" */ = {
			isa = XCConfigurationList;
			buildConfigurations = (
				529B573D254D9009006EB720 /* Debug */,
				529B573E254D9009006EB720 /* Release */,
			);
			defaultConfigurationIsVisible = 0;
			defaultConfigurationName = Release;
		};
/* End XCConfigurationList section */
	};
	rootObject = 529B5720254D8FFB006EB720 /* Project object */;
}
